// !$*UTF8*$!
{
	archiveVersion = 1;
	classes = {
	};
	objectVersion = 56;
	objects = {

/* Begin PBXBuildFile section */
		A407C6562B125B7E00D0EA98 /* StandardForm.swift in Sources */ = {isa = PBXBuildFile; fileRef = A407C6552B125B7E00D0EA98 /* StandardForm.swift */; };
		A41309DD2AFF8FBA00884FF6 /* AQIHandle.swift in Sources */ = {isa = PBXBuildFile; fileRef = A41309DC2AFF8FBA00884FF6 /* AQIHandle.swift */; };
		A41309E12AFF943100884FF6 /* ImageExtract.swift in Sources */ = {isa = PBXBuildFile; fileRef = A41309E02AFF943100884FF6 /* ImageExtract.swift */; };
		A41309E32AFF952E00884FF6 /* WeatherCondition.swift in Sources */ = {isa = PBXBuildFile; fileRef = A41309E22AFF952E00884FF6 /* WeatherCondition.swift */; };
		A41309E52AFFFCA500884FF6 /* UVIndex.swift in Sources */ = {isa = PBXBuildFile; fileRef = A41309E42AFFFCA500884FF6 /* UVIndex.swift */; };
		A4131B762B03621F002D625E /* Poppins-BoldItalic.ttf in Resources */ = {isa = PBXBuildFile; fileRef = A474ED1C2AECB78D00E3FD3B /* Poppins-BoldItalic.ttf */; };
		A41355A02AF633F50084E440 /* MainViewController.swift in Sources */ = {isa = PBXBuildFile; fileRef = A413559F2AF633F50084E440 /* MainViewController.swift */; };
		A41355A32AF637E80084E440 /* WeeklyTableViewCell.swift in Sources */ = {isa = PBXBuildFile; fileRef = A41355A12AF637E80084E440 /* WeeklyTableViewCell.swift */; };
		A41355A42AF637E80084E440 /* WeeklyTableViewCell.xib in Resources */ = {isa = PBXBuildFile; fileRef = A41355A22AF637E80084E440 /* WeeklyTableViewCell.xib */; };
		A41355A72AF638A80084E440 /* DailyTableViewCell.swift in Sources */ = {isa = PBXBuildFile; fileRef = A41355A52AF638A80084E440 /* DailyTableViewCell.swift */; };
		A41355A82AF638A80084E440 /* DailyTableViewCell.xib in Resources */ = {isa = PBXBuildFile; fileRef = A41355A62AF638A80084E440 /* DailyTableViewCell.xib */; };
		A41355AF2AF661A00084E440 /* OtherInformTableViewCell.swift in Sources */ = {isa = PBXBuildFile; fileRef = A41355AD2AF661A00084E440 /* OtherInformTableViewCell.swift */; };
		A41355B02AF661A00084E440 /* OtherInformTableViewCell.xib in Resources */ = {isa = PBXBuildFile; fileRef = A41355AE2AF661A00084E440 /* OtherInformTableViewCell.xib */; };
		A41355B32AF663E80084E440 /* AQITableViewCell.swift in Sources */ = {isa = PBXBuildFile; fileRef = A41355B12AF663E80084E440 /* AQITableViewCell.swift */; };
		A41355B42AF663E80084E440 /* AQITableViewCell.xib in Resources */ = {isa = PBXBuildFile; fileRef = A41355B22AF663E80084E440 /* AQITableViewCell.xib */; };
		A417E8752B45B97400280680 /* WeatherDataEntity+CoreDataClass.swift in Sources */ = {isa = PBXBuildFile; fileRef = A417E8702B45B96F00280680 /* WeatherDataEntity+CoreDataClass.swift */; };
		A417E8762B45B97400280680 /* LocationEntity+CoreDataClass.swift in Sources */ = {isa = PBXBuildFile; fileRef = A417E86E2B45B96E00280680 /* LocationEntity+CoreDataClass.swift */; };
		A417E8772B45B97400280680 /* WeatherDataEntity+CoreDataProperties.swift in Sources */ = {isa = PBXBuildFile; fileRef = A417E8712B45B97000280680 /* WeatherDataEntity+CoreDataProperties.swift */; };
		A417E8782B45B97400280680 /* FullResImageEntity+CoreDataProperties.swift in Sources */ = {isa = PBXBuildFile; fileRef = A417E86D2B45B96E00280680 /* FullResImageEntity+CoreDataProperties.swift */; };
		A417E8792B45B97400280680 /* ProfileEntity+CoreDataClass.swift in Sources */ = {isa = PBXBuildFile; fileRef = A417E86F2B45B96F00280680 /* ProfileEntity+CoreDataClass.swift */; };
		A417E87A2B45B97400280680 /* ProfileEntity+CoreDataProperties.swift in Sources */ = {isa = PBXBuildFile; fileRef = A417E8722B45B97000280680 /* ProfileEntity+CoreDataProperties.swift */; };
		A417E87B2B45B97400280680 /* FullResImageEntity+CoreDataClass.swift in Sources */ = {isa = PBXBuildFile; fileRef = A417E8742B45B97300280680 /* FullResImageEntity+CoreDataClass.swift */; };
		A417E87C2B45B97400280680 /* LocationEntity+CoreDataProperties.swift in Sources */ = {isa = PBXBuildFile; fileRef = A417E8732B45B97100280680 /* LocationEntity+CoreDataProperties.swift */; };
		A41936A02ADE6F6B00ED58BE /* AppDelegate.swift in Sources */ = {isa = PBXBuildFile; fileRef = A419369F2ADE6F6B00ED58BE /* AppDelegate.swift */; };
		A41936A22ADE6F6B00ED58BE /* SceneDelegate.swift in Sources */ = {isa = PBXBuildFile; fileRef = A41936A12ADE6F6B00ED58BE /* SceneDelegate.swift */; };
		A41936A72ADE6F6B00ED58BE /* Main.storyboard in Resources */ = {isa = PBXBuildFile; fileRef = A41936A52ADE6F6B00ED58BE /* Main.storyboard */; };
		A41936A92ADE6F7000ED58BE /* Assets.xcassets in Resources */ = {isa = PBXBuildFile; fileRef = A41936A82ADE6F7000ED58BE /* Assets.xcassets */; };
		A41936AC2ADE6F7000ED58BE /* LaunchScreen.storyboard in Resources */ = {isa = PBXBuildFile; fileRef = A41936AA2ADE6F7000ED58BE /* LaunchScreen.storyboard */; };
		A41936B42ADE79DE00ED58BE /* LoginViewController.swift in Sources */ = {isa = PBXBuildFile; fileRef = A41936B32ADE79DE00ED58BE /* LoginViewController.swift */; };
		A41936B62ADE7A5900ED58BE /* LoginPresenter.swift in Sources */ = {isa = PBXBuildFile; fileRef = A41936B52ADE7A5900ED58BE /* LoginPresenter.swift */; };
		A41ADF862AE524CB0020A1BE /* OnbroadingSlide.swift in Sources */ = {isa = PBXBuildFile; fileRef = A41ADF852AE524CB0020A1BE /* OnbroadingSlide.swift */; };
		A42AAB022B3B2E7800C13D40 /* OnboardingCollectionViewCell.swift in Sources */ = {isa = PBXBuildFile; fileRef = A42AAB002B3B2E7800C13D40 /* OnboardingCollectionViewCell.swift */; };
		A42AAB032B3B2E7800C13D40 /* OnboardingCollectionViewCell.xib in Resources */ = {isa = PBXBuildFile; fileRef = A42AAB012B3B2E7800C13D40 /* OnboardingCollectionViewCell.xib */; };
		A4304EC22B16511B0015C2CC /* Constants.swift in Sources */ = {isa = PBXBuildFile; fileRef = A4304EC12B16511B0015C2CC /* Constants.swift */; };
		A431B4972AFD29FB0047878F /* DateFormate.swift in Sources */ = {isa = PBXBuildFile; fileRef = A431B4962AFD29FB0047878F /* DateFormate.swift */; };
		A431B49B2AFD49E60047878F /* CurrentWeatherTableViewCell.swift in Sources */ = {isa = PBXBuildFile; fileRef = A431B4992AFD49E50047878F /* CurrentWeatherTableViewCell.swift */; };
		A431B49C2AFD49E60047878F /* CurrentWeatherTableViewCell.xib in Resources */ = {isa = PBXBuildFile; fileRef = A431B49A2AFD49E50047878F /* CurrentWeatherTableViewCell.xib */; };
		A43904D92B1B37C8006930B5 /* Localizable.strings in Resources */ = {isa = PBXBuildFile; fileRef = A43904DB2B1B37C8006930B5 /* Localizable.strings */; };
		A4397F8F2B5A86CD004141AC /* WeatherForeCastsTests.swift in Sources */ = {isa = PBXBuildFile; fileRef = A4397F8E2B5A86CD004141AC /* WeatherForeCastsTests.swift */; };
		A43D70A32B2FE9D700E6FE5F /* WeatherDataResponse.swift in Sources */ = {isa = PBXBuildFile; fileRef = A43D70A22B2FE9D700E6FE5F /* WeatherDataResponse.swift */; };
		A448D03E2B173B5B000A70BF /* NoInternetAccessViewController.swift in Sources */ = {isa = PBXBuildFile; fileRef = A448D03D2B173B5B000A70BF /* NoInternetAccessViewController.swift */; };
		A448D0402B173BF2000A70BF /* NetworkMonitor.swift in Sources */ = {isa = PBXBuildFile; fileRef = A448D03F2B173BF2000A70BF /* NetworkMonitor.swift */; };
		A448D0412B17446A000A70BF /* Poppins-Light.ttf in Resources */ = {isa = PBXBuildFile; fileRef = A474ED0C2AECB78000E3FD3B /* Poppins-Light.ttf */; };
		A448D0492B17A9E2000A70BF /* WeatherAdviceTableViewCell.swift in Sources */ = {isa = PBXBuildFile; fileRef = A448D0472B17A9E2000A70BF /* WeatherAdviceTableViewCell.swift */; };
		A448D04A2B17A9E2000A70BF /* WeatherAdviceTableViewCell.xib in Resources */ = {isa = PBXBuildFile; fileRef = A448D0482B17A9E2000A70BF /* WeatherAdviceTableViewCell.xib */; };
		A44B54732AF57D330096354A /* DailyCollectionViewCell.swift in Sources */ = {isa = PBXBuildFile; fileRef = A44B54712AF57D330096354A /* DailyCollectionViewCell.swift */; };
		A44B54742AF57D330096354A /* DailyCollectionViewCell.xib in Resources */ = {isa = PBXBuildFile; fileRef = A44B54722AF57D330096354A /* DailyCollectionViewCell.xib */; };
		A45FB6842AE1160700F7E599 /* WeatherForeCasts.xcworkspace in Sources */ = {isa = PBXBuildFile; fileRef = A45FB6832AE1160700F7E599 /* WeatherForeCasts.xcworkspace */; };
		A46351EF2AE132A100F8D65A /* GoogleService-Info.plist in Resources */ = {isa = PBXBuildFile; fileRef = A46351EE2AE132A100F8D65A /* GoogleService-Info.plist */; };
		A46351F12AE1345700F8D65A /* RegisterViewController.swift in Sources */ = {isa = PBXBuildFile; fileRef = A46351F02AE1345700F8D65A /* RegisterViewController.swift */; };
		A46351F32AE138E100F8D65A /* RegisterPresenter.swift in Sources */ = {isa = PBXBuildFile; fileRef = A46351F22AE138E100F8D65A /* RegisterPresenter.swift */; };
		A465087F2B19DC8100E7FE0E /* SetingViewController.swift in Sources */ = {isa = PBXBuildFile; fileRef = A465087E2B19DC8100E7FE0E /* SetingViewController.swift */; };
		A4694EAC2B0CE7CD00FBCA73 /* DailyForecastViewController.swift in Sources */ = {isa = PBXBuildFile; fileRef = A4694EAB2B0CE7CD00FBCA73 /* DailyForecastViewController.swift */; };
		A4694EAF2B0CE86A00FBCA73 /* DailyForecastTableViewCell.swift in Sources */ = {isa = PBXBuildFile; fileRef = A4694EAD2B0CE86A00FBCA73 /* DailyForecastTableViewCell.swift */; };
		A4694EB02B0CE86A00FBCA73 /* DailyForecastTableViewCell.xib in Resources */ = {isa = PBXBuildFile; fileRef = A4694EAE2B0CE86A00FBCA73 /* DailyForecastTableViewCell.xib */; };
		A4694EB32B0CEA5900FBCA73 /* Poppins-Medium.ttf in Resources */ = {isa = PBXBuildFile; fileRef = A474ED182AECB78A00E3FD3B /* Poppins-Medium.ttf */; };
		A47111052B1A4ED00074167B /* ThemeSetting.swift in Sources */ = {isa = PBXBuildFile; fileRef = A47111042B1A4ED00074167B /* ThemeSetting.swift */; };
		A47472CA2B3492A100629349 /* Animation.swift in Sources */ = {isa = PBXBuildFile; fileRef = A47472C92B3492A100629349 /* Animation.swift */; };
		A474ED1D2AECB78D00E3FD3B /* Poppins-SemiBold.ttf in Resources */ = {isa = PBXBuildFile; fileRef = A474ED0A2AECB77F00E3FD3B /* Poppins-SemiBold.ttf */; };
		A474ED1E2AECB78D00E3FD3B /* Poppins-Thin.ttf in Resources */ = {isa = PBXBuildFile; fileRef = A474ED0B2AECB78000E3FD3B /* Poppins-Thin.ttf */; };
		A474ED232AECB78D00E3FD3B /* Poppins-ExtraBold.ttf in Resources */ = {isa = PBXBuildFile; fileRef = A474ED102AECB78300E3FD3B /* Poppins-ExtraBold.ttf */; };
		A474ED242AECB78D00E3FD3B /* OFL.txt in Resources */ = {isa = PBXBuildFile; fileRef = A474ED112AECB78400E3FD3B /* OFL.txt */; };
		A474ED252AECB78D00E3FD3B /* Poppins-LightItalic.ttf in Resources */ = {isa = PBXBuildFile; fileRef = A474ED122AECB78500E3FD3B /* Poppins-LightItalic.ttf */; };
		A474ED262AECB78D00E3FD3B /* Poppins-ExtraBoldItalic.ttf in Resources */ = {isa = PBXBuildFile; fileRef = A474ED132AECB78600E3FD3B /* Poppins-ExtraBoldItalic.ttf */; };
		A474ED272AECB78D00E3FD3B /* Poppins-ExtraLightItalic.ttf in Resources */ = {isa = PBXBuildFile; fileRef = A474ED142AECB78700E3FD3B /* Poppins-ExtraLightItalic.ttf */; };
		A474ED292AECB78D00E3FD3B /* Poppins-ExtraLight.ttf in Resources */ = {isa = PBXBuildFile; fileRef = A474ED162AECB78900E3FD3B /* Poppins-ExtraLight.ttf */; };
		A474ED2A2AECB78D00E3FD3B /* Poppins-Italic.ttf in Resources */ = {isa = PBXBuildFile; fileRef = A474ED172AECB78900E3FD3B /* Poppins-Italic.ttf */; };
		A474ED2C2AECB78D00E3FD3B /* Poppins-MediumItalic.ttf in Resources */ = {isa = PBXBuildFile; fileRef = A474ED192AECB78B00E3FD3B /* Poppins-MediumItalic.ttf */; };
		A474ED2D2AECB78D00E3FD3B /* Poppins-ThinItalic.ttf in Resources */ = {isa = PBXBuildFile; fileRef = A474ED1A2AECB78C00E3FD3B /* Poppins-ThinItalic.ttf */; };
		A474ED2E2AECB78D00E3FD3B /* Poppins-SemiBoldItalic.ttf in Resources */ = {isa = PBXBuildFile; fileRef = A474ED1B2AECB78C00E3FD3B /* Poppins-SemiBoldItalic.ttf */; };
		A4833BE02B0E7118006525EC /* locationDelegate.swift in Sources */ = {isa = PBXBuildFile; fileRef = A4833BDF2B0E7117006525EC /* locationDelegate.swift */; };
		A484B7552B3C8F40005E96D3 /* MainPresenter.swift in Sources */ = {isa = PBXBuildFile; fileRef = A484B7542B3C8F40005E96D3 /* MainPresenter.swift */; };
		A486A68D2B1987E500E73521 /* UIStatusBarStyle.swift in Sources */ = {isa = PBXBuildFile; fileRef = A486A68C2B1987E500E73521 /* UIStatusBarStyle.swift */; };
		A497C3012B0A6A5C00629827 /* UserProfile.swift in Sources */ = {isa = PBXBuildFile; fileRef = A497C3002B0A6A5C00629827 /* UserProfile.swift */; };
		A4A27A092B39DD0200C15AD6 /* SelectedLocationsHistoryTableViewCell.swift in Sources */ = {isa = PBXBuildFile; fileRef = A4A27A072B39DD0200C15AD6 /* SelectedLocationsHistoryTableViewCell.swift */; };
		A4A27A0A2B39DD0200C15AD6 /* SelectedLocationsHistoryTableViewCell.xib in Resources */ = {isa = PBXBuildFile; fileRef = A4A27A082B39DD0200C15AD6 /* SelectedLocationsHistoryTableViewCell.xib */; };
		A4A27A0D2B39FC8C00C15AD6 /* LocationHistoryTitleTableViewCell.swift in Sources */ = {isa = PBXBuildFile; fileRef = A4A27A0B2B39FC8C00C15AD6 /* LocationHistoryTitleTableViewCell.swift */; };
		A4A27A0E2B39FC8C00C15AD6 /* LocationHistoryTitleTableViewCell.xib in Resources */ = {isa = PBXBuildFile; fileRef = A4A27A0C2B39FC8C00C15AD6 /* LocationHistoryTitleTableViewCell.xib */; };
		A4A27A0F2B39FCE600C15AD6 /* Poppins-Bold.ttf in Resources */ = {isa = PBXBuildFile; fileRef = A474ED0D2AECB78100E3FD3B /* Poppins-Bold.ttf */; };
		A4A4C0D02B01326100CA2137 /* SldeMenuViewController.swift in Sources */ = {isa = PBXBuildFile; fileRef = A4A4C0CF2B01326100CA2137 /* SldeMenuViewController.swift */; };
		A4A4C0D32B013ADF00CA2137 /* MenuTableViewCell.swift in Sources */ = {isa = PBXBuildFile; fileRef = A4A4C0D12B013ADF00CA2137 /* MenuTableViewCell.swift */; };
		A4A4C0D42B013ADF00CA2137 /* MenuTableViewCell.xib in Resources */ = {isa = PBXBuildFile; fileRef = A4A4C0D22B013ADF00CA2137 /* MenuTableViewCell.xib */; };
		A4A5BD842AF022C500046884 /* WeatherByDayTableViewCell.swift in Sources */ = {isa = PBXBuildFile; fileRef = A4A5BD822AF022C500046884 /* WeatherByDayTableViewCell.swift */; };
		A4A5BD852AF022C500046884 /* WeatherByDayTableViewCell.xib in Resources */ = {isa = PBXBuildFile; fileRef = A4A5BD832AF022C500046884 /* WeatherByDayTableViewCell.xib */; };
		A4A626742B13C41000D154B0 /* Showloading and Aleart.swift in Sources */ = {isa = PBXBuildFile; fileRef = A4A626732B13C41000D154B0 /* Showloading and Aleart.swift */; };
		A4A876BB2AE3738600ADD832 /* UserDefaults.swift in Sources */ = {isa = PBXBuildFile; fileRef = A4A876BA2AE3738600ADD832 /* UserDefaults.swift */; };
		A4A876BF2AE4CAAA00ADD832 /* OnboardingViewController.swift in Sources */ = {isa = PBXBuildFile; fileRef = A4A876BE2AE4CAA900ADD832 /* OnboardingViewController.swift */; };
		A4A876C62AE51B2400ADD832 /* UIView+Extension.swift in Sources */ = {isa = PBXBuildFile; fileRef = A4A876C52AE51B2400ADD832 /* UIView+Extension.swift */; };
		A4AFB8502B5AEECB0054C7DA /* ProfileViewController.swift in Sources */ = {isa = PBXBuildFile; fileRef = A4AFB84F2B5AEECA0054C7DA /* ProfileViewController.swift */; };
		A4B5119D2AE97B8400FB1AAB /* DailyResponse.swift in Sources */ = {isa = PBXBuildFile; fileRef = A4B5119C2AE97B8200FB1AAB /* DailyResponse.swift */; };
		A4C4C6D62B0BB2BD00E1E84C /* ForgotPasswordViewController.swift in Sources */ = {isa = PBXBuildFile; fileRef = A4C4C6D52B0BB2BD00E1E84C /* ForgotPasswordViewController.swift */; };
		A4C4C6D72B0BB88A00E1E84C /* Poppins-Regular.ttf in Resources */ = {isa = PBXBuildFile; fileRef = A474ED0E2AECB78200E3FD3B /* Poppins-Regular.ttf */; };
		A4C4C6D92B0BC5D400E1E84C /* Validator.swift in Sources */ = {isa = PBXBuildFile; fileRef = A4C4C6D82B0BC5D300E1E84C /* Validator.swift */; };
		A4CA575B2B0F0146004D78C4 /* MapsViewController.swift in Sources */ = {isa = PBXBuildFile; fileRef = A4CA575A2B0F0146004D78C4 /* MapsViewController.swift */; };
		A4D09F2D2B2367C4002BCF7A /* Poppins-BlackItalic.ttf in Resources */ = {isa = PBXBuildFile; fileRef = A474ED0F2AECB78300E3FD3B /* Poppins-BlackItalic.ttf */; };
		A4D2F5842B0B693400A77A1A /* Loading and Show aleart Extension .swift in Sources */ = {isa = PBXBuildFile; fileRef = A4D2F5832B0B693400A77A1A /* Loading and Show aleart Extension .swift */; };
		A4D596282AFCD1D300BD71CC /* AstroTableViewCell.swift in Sources */ = {isa = PBXBuildFile; fileRef = A4D596262AFCD1D300BD71CC /* AstroTableViewCell.swift */; };
		A4D596292AFCD1D400BD71CC /* AstroTableViewCell.xib in Resources */ = {isa = PBXBuildFile; fileRef = A4D596272AFCD1D300BD71CC /* AstroTableViewCell.xib */; };
		A4D5962A2AFCD4CD00BD71CC /* Poppins-Black.ttf in Resources */ = {isa = PBXBuildFile; fileRef = A474ED152AECB78800E3FD3B /* Poppins-Black.ttf */; };
		A4E0498C2AF5442B0088434B /* WeeklyWeatherCollectionViewCell.swift in Sources */ = {isa = PBXBuildFile; fileRef = A4E0498A2AF5442B0088434B /* WeeklyWeatherCollectionViewCell.swift */; };
		A4E0498D2AF5442B0088434B /* WeeklyWeatherCollectionViewCell.xib in Resources */ = {isa = PBXBuildFile; fileRef = A4E0498B2AF5442B0088434B /* WeeklyWeatherCollectionViewCell.xib */; };
		A4EBDD712AEE41B900446C7B /* NetworkConstant.swift in Sources */ = {isa = PBXBuildFile; fileRef = A4EBDD702AEE41B900446C7B /* NetworkConstant.swift */; };
		A4EBDD762AEE457100446C7B /* WeatherLongDayViewController.swift in Sources */ = {isa = PBXBuildFile; fileRef = A4EBDD742AEE457100446C7B /* WeatherLongDayViewController.swift */; };
		A4EBDD7F2AEEB5B900446C7B /* DatesCollectionViewCell.swift in Sources */ = {isa = PBXBuildFile; fileRef = A4EBDD7D2AEEB5B900446C7B /* DatesCollectionViewCell.swift */; };
		A4EBDD802AEEB5B900446C7B /* DatesCollectionViewCell.xib in Resources */ = {isa = PBXBuildFile; fileRef = A4EBDD7E2AEEB5B900446C7B /* DatesCollectionViewCell.xib */; };
		A4EBDD832AEEB94E00446C7B /* DatesTableViewCell.swift in Sources */ = {isa = PBXBuildFile; fileRef = A4EBDD812AEEB94E00446C7B /* DatesTableViewCell.swift */; };
		A4EBDD842AEEB94E00446C7B /* DatesTableViewCell.xib in Resources */ = {isa = PBXBuildFile; fileRef = A4EBDD822AEEB94E00446C7B /* DatesTableViewCell.xib */; };
		A4FBDB8A2B42AEDF00702946 /* CoreData.xcdatamodeld in Sources */ = {isa = PBXBuildFile; fileRef = A4FBDB882B42AEDF00702946 /* CoreData.xcdatamodeld */; };
		A4FBDB8C2B42B4C500702946 /* CoreDataHelper.swift in Sources */ = {isa = PBXBuildFile; fileRef = A4FBDB8B2B42B4C500702946 /* CoreDataHelper.swift */; };
		FE8A95F6A29C75A3848A5C23 /* Pods_WeatherForeCasts.framework in Frameworks */ = {isa = PBXBuildFile; fileRef = 8814337DCD6E84096BA6CA61 /* Pods_WeatherForeCasts.framework */; };
/* End PBXBuildFile section */

/* Begin PBXContainerItemProxy section */
		A4397F902B5A86CD004141AC /* PBXContainerItemProxy */ = {
			isa = PBXContainerItemProxy;
			containerPortal = A41936942ADE6F6B00ED58BE /* Project object */;
			proxyType = 1;
			remoteGlobalIDString = A419369B2ADE6F6B00ED58BE;
			remoteInfo = WeatherForeCasts;
		};
/* End PBXContainerItemProxy section */

/* Begin PBXFileReference section */
		8814337DCD6E84096BA6CA61 /* Pods_WeatherForeCasts.framework */ = {isa = PBXFileReference; explicitFileType = wrapper.framework; includeInIndex = 0; path = Pods_WeatherForeCasts.framework; sourceTree = BUILT_PRODUCTS_DIR; };
		A407C6552B125B7E00D0EA98 /* StandardForm.swift */ = {isa = PBXFileReference; lastKnownFileType = sourcecode.swift; path = StandardForm.swift; sourceTree = "<group>"; };
		A41309DC2AFF8FBA00884FF6 /* AQIHandle.swift */ = {isa = PBXFileReference; lastKnownFileType = sourcecode.swift; path = AQIHandle.swift; sourceTree = "<group>"; };
		A41309E02AFF943100884FF6 /* ImageExtract.swift */ = {isa = PBXFileReference; lastKnownFileType = sourcecode.swift; path = ImageExtract.swift; sourceTree = "<group>"; };
		A41309E22AFF952E00884FF6 /* WeatherCondition.swift */ = {isa = PBXFileReference; lastKnownFileType = sourcecode.swift; path = WeatherCondition.swift; sourceTree = "<group>"; };
		A41309E42AFFFCA500884FF6 /* UVIndex.swift */ = {isa = PBXFileReference; lastKnownFileType = sourcecode.swift; path = UVIndex.swift; sourceTree = "<group>"; };
		A413559F2AF633F50084E440 /* MainViewController.swift */ = {isa = PBXFileReference; lastKnownFileType = sourcecode.swift; path = MainViewController.swift; sourceTree = "<group>"; };
		A41355A12AF637E80084E440 /* WeeklyTableViewCell.swift */ = {isa = PBXFileReference; lastKnownFileType = sourcecode.swift; path = WeeklyTableViewCell.swift; sourceTree = "<group>"; };
		A41355A22AF637E80084E440 /* WeeklyTableViewCell.xib */ = {isa = PBXFileReference; lastKnownFileType = file.xib; path = WeeklyTableViewCell.xib; sourceTree = "<group>"; };
		A41355A52AF638A80084E440 /* DailyTableViewCell.swift */ = {isa = PBXFileReference; lastKnownFileType = sourcecode.swift; path = DailyTableViewCell.swift; sourceTree = "<group>"; };
		A41355A62AF638A80084E440 /* DailyTableViewCell.xib */ = {isa = PBXFileReference; lastKnownFileType = file.xib; path = DailyTableViewCell.xib; sourceTree = "<group>"; };
		A41355AD2AF661A00084E440 /* OtherInformTableViewCell.swift */ = {isa = PBXFileReference; lastKnownFileType = sourcecode.swift; path = OtherInformTableViewCell.swift; sourceTree = "<group>"; };
		A41355AE2AF661A00084E440 /* OtherInformTableViewCell.xib */ = {isa = PBXFileReference; lastKnownFileType = file.xib; path = OtherInformTableViewCell.xib; sourceTree = "<group>"; };
		A41355B12AF663E80084E440 /* AQITableViewCell.swift */ = {isa = PBXFileReference; lastKnownFileType = sourcecode.swift; path = AQITableViewCell.swift; sourceTree = "<group>"; };
		A41355B22AF663E80084E440 /* AQITableViewCell.xib */ = {isa = PBXFileReference; lastKnownFileType = file.xib; path = AQITableViewCell.xib; sourceTree = "<group>"; };
		A417E86D2B45B96E00280680 /* FullResImageEntity+CoreDataProperties.swift */ = {isa = PBXFileReference; lastKnownFileType = sourcecode.swift; name = "FullResImageEntity+CoreDataProperties.swift"; path = "/Users/nguyenlinh/Documents/new1 weatherforecast/WeatherForeCasts/WeatherForeCasts/CoreData/FullResImageEntity+CoreDataProperties.swift"; sourceTree = "<absolute>"; };
		A417E86E2B45B96E00280680 /* LocationEntity+CoreDataClass.swift */ = {isa = PBXFileReference; lastKnownFileType = sourcecode.swift; name = "LocationEntity+CoreDataClass.swift"; path = "/Users/nguyenlinh/Documents/new1 weatherforecast/WeatherForeCasts/WeatherForeCasts/CoreData/LocationEntity+CoreDataClass.swift"; sourceTree = "<absolute>"; };
		A417E86F2B45B96F00280680 /* ProfileEntity+CoreDataClass.swift */ = {isa = PBXFileReference; lastKnownFileType = sourcecode.swift; name = "ProfileEntity+CoreDataClass.swift"; path = "/Users/nguyenlinh/Documents/new1 weatherforecast/WeatherForeCasts/WeatherForeCasts/CoreData/ProfileEntity+CoreDataClass.swift"; sourceTree = "<absolute>"; };
		A417E8702B45B96F00280680 /* WeatherDataEntity+CoreDataClass.swift */ = {isa = PBXFileReference; lastKnownFileType = sourcecode.swift; name = "WeatherDataEntity+CoreDataClass.swift"; path = "/Users/nguyenlinh/Documents/new1 weatherforecast/WeatherForeCasts/WeatherForeCasts/CoreData/WeatherDataEntity+CoreDataClass.swift"; sourceTree = "<absolute>"; };
		A417E8712B45B97000280680 /* WeatherDataEntity+CoreDataProperties.swift */ = {isa = PBXFileReference; lastKnownFileType = sourcecode.swift; name = "WeatherDataEntity+CoreDataProperties.swift"; path = "/Users/nguyenlinh/Documents/new1 weatherforecast/WeatherForeCasts/WeatherForeCasts/CoreData/WeatherDataEntity+CoreDataProperties.swift"; sourceTree = "<absolute>"; };
		A417E8722B45B97000280680 /* ProfileEntity+CoreDataProperties.swift */ = {isa = PBXFileReference; lastKnownFileType = sourcecode.swift; name = "ProfileEntity+CoreDataProperties.swift"; path = "/Users/nguyenlinh/Documents/new1 weatherforecast/WeatherForeCasts/WeatherForeCasts/CoreData/ProfileEntity+CoreDataProperties.swift"; sourceTree = "<absolute>"; };
		A417E8732B45B97100280680 /* LocationEntity+CoreDataProperties.swift */ = {isa = PBXFileReference; lastKnownFileType = sourcecode.swift; name = "LocationEntity+CoreDataProperties.swift"; path = "/Users/nguyenlinh/Documents/new1 weatherforecast/WeatherForeCasts/WeatherForeCasts/CoreData/LocationEntity+CoreDataProperties.swift"; sourceTree = "<absolute>"; };
		A417E8742B45B97300280680 /* FullResImageEntity+CoreDataClass.swift */ = {isa = PBXFileReference; lastKnownFileType = sourcecode.swift; name = "FullResImageEntity+CoreDataClass.swift"; path = "/Users/nguyenlinh/Documents/new1 weatherforecast/WeatherForeCasts/WeatherForeCasts/CoreData/FullResImageEntity+CoreDataClass.swift"; sourceTree = "<absolute>"; };
		A419369C2ADE6F6B00ED58BE /* WeatherForeCasts.app */ = {isa = PBXFileReference; explicitFileType = wrapper.application; includeInIndex = 0; path = WeatherForeCasts.app; sourceTree = BUILT_PRODUCTS_DIR; };
		A419369F2ADE6F6B00ED58BE /* AppDelegate.swift */ = {isa = PBXFileReference; lastKnownFileType = sourcecode.swift; path = AppDelegate.swift; sourceTree = "<group>"; };
		A41936A12ADE6F6B00ED58BE /* SceneDelegate.swift */ = {isa = PBXFileReference; lastKnownFileType = sourcecode.swift; path = SceneDelegate.swift; sourceTree = "<group>"; };
		A41936A62ADE6F6B00ED58BE /* Base */ = {isa = PBXFileReference; lastKnownFileType = file.storyboard; name = Base; path = Base.lproj/Main.storyboard; sourceTree = "<group>"; };
		A41936A82ADE6F7000ED58BE /* Assets.xcassets */ = {isa = PBXFileReference; lastKnownFileType = folder.assetcatalog; path = Assets.xcassets; sourceTree = "<group>"; };
		A41936AB2ADE6F7000ED58BE /* Base */ = {isa = PBXFileReference; lastKnownFileType = file.storyboard; name = Base; path = Base.lproj/LaunchScreen.storyboard; sourceTree = "<group>"; };
		A41936AD2ADE6F7000ED58BE /* Info.plist */ = {isa = PBXFileReference; lastKnownFileType = text.plist.xml; path = Info.plist; sourceTree = "<group>"; };
		A41936B32ADE79DE00ED58BE /* LoginViewController.swift */ = {isa = PBXFileReference; lastKnownFileType = sourcecode.swift; path = LoginViewController.swift; sourceTree = "<group>"; };
		A41936B52ADE7A5900ED58BE /* LoginPresenter.swift */ = {isa = PBXFileReference; lastKnownFileType = sourcecode.swift; path = LoginPresenter.swift; sourceTree = "<group>"; };
		A41ADF852AE524CB0020A1BE /* OnbroadingSlide.swift */ = {isa = PBXFileReference; lastKnownFileType = sourcecode.swift; path = OnbroadingSlide.swift; sourceTree = "<group>"; };
		A42AAB002B3B2E7800C13D40 /* OnboardingCollectionViewCell.swift */ = {isa = PBXFileReference; lastKnownFileType = sourcecode.swift; path = OnboardingCollectionViewCell.swift; sourceTree = "<group>"; };
		A42AAB012B3B2E7800C13D40 /* OnboardingCollectionViewCell.xib */ = {isa = PBXFileReference; lastKnownFileType = file.xib; path = OnboardingCollectionViewCell.xib; sourceTree = "<group>"; };
		A4304EC12B16511B0015C2CC /* Constants.swift */ = {isa = PBXFileReference; lastKnownFileType = sourcecode.swift; path = Constants.swift; sourceTree = "<group>"; };
		A431B4962AFD29FB0047878F /* DateFormate.swift */ = {isa = PBXFileReference; lastKnownFileType = sourcecode.swift; path = DateFormate.swift; sourceTree = "<group>"; };
		A431B4992AFD49E50047878F /* CurrentWeatherTableViewCell.swift */ = {isa = PBXFileReference; lastKnownFileType = sourcecode.swift; path = CurrentWeatherTableViewCell.swift; sourceTree = "<group>"; };
		A431B49A2AFD49E50047878F /* CurrentWeatherTableViewCell.xib */ = {isa = PBXFileReference; lastKnownFileType = file.xib; path = CurrentWeatherTableViewCell.xib; sourceTree = "<group>"; };
		A43904D62B1B36BD006930B5 /* vi */ = {isa = PBXFileReference; lastKnownFileType = text.plist.strings; name = vi; path = vi.lproj/Main.strings; sourceTree = "<group>"; };
		A43904DA2B1B37C8006930B5 /* en */ = {isa = PBXFileReference; lastKnownFileType = text.plist.strings; name = en; path = en.lproj/Localizable.strings; sourceTree = "<group>"; };
		A43904DC2B1B37CC006930B5 /* vi */ = {isa = PBXFileReference; indentWidth = 10; lastKnownFileType = text.plist.strings; name = vi; path = vi.lproj/Localizable.strings; sourceTree = "<group>"; tabWidth = 10; usesTabs = 0; };
		A4397F8C2B5A86CD004141AC /* WeatherForeCastsTests.xctest */ = {isa = PBXFileReference; explicitFileType = wrapper.cfbundle; includeInIndex = 0; path = WeatherForeCastsTests.xctest; sourceTree = BUILT_PRODUCTS_DIR; };
		A4397F8E2B5A86CD004141AC /* WeatherForeCastsTests.swift */ = {isa = PBXFileReference; lastKnownFileType = sourcecode.swift; path = WeatherForeCastsTests.swift; sourceTree = "<group>"; };
		A43D70A22B2FE9D700E6FE5F /* WeatherDataResponse.swift */ = {isa = PBXFileReference; lastKnownFileType = sourcecode.swift; path = WeatherDataResponse.swift; sourceTree = "<group>"; };
		A448D03D2B173B5B000A70BF /* NoInternetAccessViewController.swift */ = {isa = PBXFileReference; lastKnownFileType = sourcecode.swift; path = NoInternetAccessViewController.swift; sourceTree = "<group>"; };
		A448D03F2B173BF2000A70BF /* NetworkMonitor.swift */ = {isa = PBXFileReference; lastKnownFileType = sourcecode.swift; path = NetworkMonitor.swift; sourceTree = "<group>"; };
		A448D0472B17A9E2000A70BF /* WeatherAdviceTableViewCell.swift */ = {isa = PBXFileReference; lastKnownFileType = sourcecode.swift; path = WeatherAdviceTableViewCell.swift; sourceTree = "<group>"; };
		A448D0482B17A9E2000A70BF /* WeatherAdviceTableViewCell.xib */ = {isa = PBXFileReference; lastKnownFileType = file.xib; path = WeatherAdviceTableViewCell.xib; sourceTree = "<group>"; };
		A44B54712AF57D330096354A /* DailyCollectionViewCell.swift */ = {isa = PBXFileReference; lastKnownFileType = sourcecode.swift; path = DailyCollectionViewCell.swift; sourceTree = "<group>"; };
		A44B54722AF57D330096354A /* DailyCollectionViewCell.xib */ = {isa = PBXFileReference; lastKnownFileType = file.xib; path = DailyCollectionViewCell.xib; sourceTree = "<group>"; };
		A45FB6832AE1160700F7E599 /* WeatherForeCasts.xcworkspace */ = {isa = PBXFileReference; lastKnownFileType = wrapper.workspace; path = WeatherForeCasts.xcworkspace; sourceTree = "<group>"; };
		A46351EE2AE132A100F8D65A /* GoogleService-Info.plist */ = {isa = PBXFileReference; lastKnownFileType = text.plist; path = "GoogleService-Info.plist"; sourceTree = SOURCE_ROOT; };
		A46351F02AE1345700F8D65A /* RegisterViewController.swift */ = {isa = PBXFileReference; lastKnownFileType = sourcecode.swift; path = RegisterViewController.swift; sourceTree = "<group>"; };
		A46351F22AE138E100F8D65A /* RegisterPresenter.swift */ = {isa = PBXFileReference; lastKnownFileType = sourcecode.swift; path = RegisterPresenter.swift; sourceTree = "<group>"; };
		A4648AB82B1D6E9800434590 /* WeatherForeCasts.entitlements */ = {isa = PBXFileReference; lastKnownFileType = text.plist.entitlements; path = WeatherForeCasts.entitlements; sourceTree = "<group>"; };
		A465087E2B19DC8100E7FE0E /* SetingViewController.swift */ = {isa = PBXFileReference; lastKnownFileType = sourcecode.swift; path = SetingViewController.swift; sourceTree = "<group>"; };
		A4694EAB2B0CE7CD00FBCA73 /* DailyForecastViewController.swift */ = {isa = PBXFileReference; lastKnownFileType = sourcecode.swift; path = DailyForecastViewController.swift; sourceTree = "<group>"; };
		A4694EAD2B0CE86A00FBCA73 /* DailyForecastTableViewCell.swift */ = {isa = PBXFileReference; lastKnownFileType = sourcecode.swift; path = DailyForecastTableViewCell.swift; sourceTree = "<group>"; };
		A4694EAE2B0CE86A00FBCA73 /* DailyForecastTableViewCell.xib */ = {isa = PBXFileReference; lastKnownFileType = file.xib; path = DailyForecastTableViewCell.xib; sourceTree = "<group>"; };
		A47111042B1A4ED00074167B /* ThemeSetting.swift */ = {isa = PBXFileReference; lastKnownFileType = sourcecode.swift; path = ThemeSetting.swift; sourceTree = "<group>"; };
		A47472C92B3492A100629349 /* Animation.swift */ = {isa = PBXFileReference; lastKnownFileType = sourcecode.swift; path = Animation.swift; sourceTree = "<group>"; };
		A474ED0A2AECB77F00E3FD3B /* Poppins-SemiBold.ttf */ = {isa = PBXFileReference; lastKnownFileType = file; path = "Poppins-SemiBold.ttf"; sourceTree = "<group>"; };
		A474ED0B2AECB78000E3FD3B /* Poppins-Thin.ttf */ = {isa = PBXFileReference; lastKnownFileType = file; path = "Poppins-Thin.ttf"; sourceTree = "<group>"; };
		A474ED0C2AECB78000E3FD3B /* Poppins-Light.ttf */ = {isa = PBXFileReference; lastKnownFileType = file; path = "Poppins-Light.ttf"; sourceTree = "<group>"; };
		A474ED0D2AECB78100E3FD3B /* Poppins-Bold.ttf */ = {isa = PBXFileReference; lastKnownFileType = file; path = "Poppins-Bold.ttf"; sourceTree = "<group>"; };
		A474ED0E2AECB78200E3FD3B /* Poppins-Regular.ttf */ = {isa = PBXFileReference; lastKnownFileType = file; path = "Poppins-Regular.ttf"; sourceTree = "<group>"; };
		A474ED0F2AECB78300E3FD3B /* Poppins-BlackItalic.ttf */ = {isa = PBXFileReference; lastKnownFileType = file; path = "Poppins-BlackItalic.ttf"; sourceTree = "<group>"; };
		A474ED102AECB78300E3FD3B /* Poppins-ExtraBold.ttf */ = {isa = PBXFileReference; lastKnownFileType = file; path = "Poppins-ExtraBold.ttf"; sourceTree = "<group>"; };
		A474ED112AECB78400E3FD3B /* OFL.txt */ = {isa = PBXFileReference; fileEncoding = 4; lastKnownFileType = text; path = OFL.txt; sourceTree = "<group>"; };
		A474ED122AECB78500E3FD3B /* Poppins-LightItalic.ttf */ = {isa = PBXFileReference; lastKnownFileType = file; path = "Poppins-LightItalic.ttf"; sourceTree = "<group>"; };
		A474ED132AECB78600E3FD3B /* Poppins-ExtraBoldItalic.ttf */ = {isa = PBXFileReference; lastKnownFileType = file; path = "Poppins-ExtraBoldItalic.ttf"; sourceTree = "<group>"; };
		A474ED142AECB78700E3FD3B /* Poppins-ExtraLightItalic.ttf */ = {isa = PBXFileReference; lastKnownFileType = file; path = "Poppins-ExtraLightItalic.ttf"; sourceTree = "<group>"; };
		A474ED152AECB78800E3FD3B /* Poppins-Black.ttf */ = {isa = PBXFileReference; lastKnownFileType = file; path = "Poppins-Black.ttf"; sourceTree = "<group>"; };
		A474ED162AECB78900E3FD3B /* Poppins-ExtraLight.ttf */ = {isa = PBXFileReference; lastKnownFileType = file; path = "Poppins-ExtraLight.ttf"; sourceTree = "<group>"; };
		A474ED172AECB78900E3FD3B /* Poppins-Italic.ttf */ = {isa = PBXFileReference; lastKnownFileType = file; path = "Poppins-Italic.ttf"; sourceTree = "<group>"; };
		A474ED182AECB78A00E3FD3B /* Poppins-Medium.ttf */ = {isa = PBXFileReference; lastKnownFileType = file; path = "Poppins-Medium.ttf"; sourceTree = "<group>"; };
		A474ED192AECB78B00E3FD3B /* Poppins-MediumItalic.ttf */ = {isa = PBXFileReference; lastKnownFileType = file; path = "Poppins-MediumItalic.ttf"; sourceTree = "<group>"; };
		A474ED1A2AECB78C00E3FD3B /* Poppins-ThinItalic.ttf */ = {isa = PBXFileReference; lastKnownFileType = file; path = "Poppins-ThinItalic.ttf"; sourceTree = "<group>"; };
		A474ED1B2AECB78C00E3FD3B /* Poppins-SemiBoldItalic.ttf */ = {isa = PBXFileReference; lastKnownFileType = file; path = "Poppins-SemiBoldItalic.ttf"; sourceTree = "<group>"; };
		A474ED1C2AECB78D00E3FD3B /* Poppins-BoldItalic.ttf */ = {isa = PBXFileReference; lastKnownFileType = file; path = "Poppins-BoldItalic.ttf"; sourceTree = "<group>"; };
		A4833BDF2B0E7117006525EC /* locationDelegate.swift */ = {isa = PBXFileReference; lastKnownFileType = sourcecode.swift; path = locationDelegate.swift; sourceTree = "<group>"; };
		A484B7542B3C8F40005E96D3 /* MainPresenter.swift */ = {isa = PBXFileReference; lastKnownFileType = sourcecode.swift; path = MainPresenter.swift; sourceTree = "<group>"; };
		A486A68C2B1987E500E73521 /* UIStatusBarStyle.swift */ = {isa = PBXFileReference; lastKnownFileType = sourcecode.swift; path = UIStatusBarStyle.swift; sourceTree = "<group>"; };
		A497C3002B0A6A5C00629827 /* UserProfile.swift */ = {isa = PBXFileReference; lastKnownFileType = sourcecode.swift; path = UserProfile.swift; sourceTree = "<group>"; };
		A4A27A072B39DD0200C15AD6 /* SelectedLocationsHistoryTableViewCell.swift */ = {isa = PBXFileReference; lastKnownFileType = sourcecode.swift; path = SelectedLocationsHistoryTableViewCell.swift; sourceTree = "<group>"; };
		A4A27A082B39DD0200C15AD6 /* SelectedLocationsHistoryTableViewCell.xib */ = {isa = PBXFileReference; lastKnownFileType = file.xib; path = SelectedLocationsHistoryTableViewCell.xib; sourceTree = "<group>"; };
		A4A27A0B2B39FC8C00C15AD6 /* LocationHistoryTitleTableViewCell.swift */ = {isa = PBXFileReference; lastKnownFileType = sourcecode.swift; path = LocationHistoryTitleTableViewCell.swift; sourceTree = "<group>"; };
		A4A27A0C2B39FC8C00C15AD6 /* LocationHistoryTitleTableViewCell.xib */ = {isa = PBXFileReference; lastKnownFileType = file.xib; path = LocationHistoryTitleTableViewCell.xib; sourceTree = "<group>"; };
		A4A4C0CF2B01326100CA2137 /* SldeMenuViewController.swift */ = {isa = PBXFileReference; lastKnownFileType = sourcecode.swift; path = SldeMenuViewController.swift; sourceTree = "<group>"; };
		A4A4C0D12B013ADF00CA2137 /* MenuTableViewCell.swift */ = {isa = PBXFileReference; lastKnownFileType = sourcecode.swift; path = MenuTableViewCell.swift; sourceTree = "<group>"; };
		A4A4C0D22B013ADF00CA2137 /* MenuTableViewCell.xib */ = {isa = PBXFileReference; lastKnownFileType = file.xib; path = MenuTableViewCell.xib; sourceTree = "<group>"; };
		A4A5BD822AF022C500046884 /* WeatherByDayTableViewCell.swift */ = {isa = PBXFileReference; lastKnownFileType = sourcecode.swift; path = WeatherByDayTableViewCell.swift; sourceTree = "<group>"; };
		A4A5BD832AF022C500046884 /* WeatherByDayTableViewCell.xib */ = {isa = PBXFileReference; lastKnownFileType = file.xib; path = WeatherByDayTableViewCell.xib; sourceTree = "<group>"; };
		A4A626732B13C41000D154B0 /* Showloading and Aleart.swift */ = {isa = PBXFileReference; lastKnownFileType = sourcecode.swift; path = "Showloading and Aleart.swift"; sourceTree = "<group>"; };
		A4A876BA2AE3738600ADD832 /* UserDefaults.swift */ = {isa = PBXFileReference; lastKnownFileType = sourcecode.swift; path = UserDefaults.swift; sourceTree = "<group>"; };
		A4A876BE2AE4CAA900ADD832 /* OnboardingViewController.swift */ = {isa = PBXFileReference; lastKnownFileType = sourcecode.swift; path = OnboardingViewController.swift; sourceTree = "<group>"; };
		A4A876C52AE51B2400ADD832 /* UIView+Extension.swift */ = {isa = PBXFileReference; indentWidth = 3; lastKnownFileType = sourcecode.swift; path = "UIView+Extension.swift"; sourceTree = "<group>"; };
		A4AFB84F2B5AEECA0054C7DA /* ProfileViewController.swift */ = {isa = PBXFileReference; fileEncoding = 4; lastKnownFileType = sourcecode.swift; path = ProfileViewController.swift; sourceTree = "<group>"; };
		A4B5119C2AE97B8200FB1AAB /* DailyResponse.swift */ = {isa = PBXFileReference; lastKnownFileType = sourcecode.swift; path = DailyResponse.swift; sourceTree = "<group>"; };
		A4C4C6D52B0BB2BD00E1E84C /* ForgotPasswordViewController.swift */ = {isa = PBXFileReference; lastKnownFileType = sourcecode.swift; path = ForgotPasswordViewController.swift; sourceTree = "<group>"; };
		A4C4C6D82B0BC5D300E1E84C /* Validator.swift */ = {isa = PBXFileReference; lastKnownFileType = sourcecode.swift; path = Validator.swift; sourceTree = "<group>"; };
		A4CA575A2B0F0146004D78C4 /* MapsViewController.swift */ = {isa = PBXFileReference; lastKnownFileType = sourcecode.swift; path = MapsViewController.swift; sourceTree = "<group>"; };
		A4D2F5832B0B693400A77A1A /* Loading and Show aleart Extension .swift */ = {isa = PBXFileReference; lastKnownFileType = sourcecode.swift; path = "Loading and Show aleart Extension .swift"; sourceTree = "<group>"; };
		A4D596262AFCD1D300BD71CC /* AstroTableViewCell.swift */ = {isa = PBXFileReference; lastKnownFileType = sourcecode.swift; path = AstroTableViewCell.swift; sourceTree = "<group>"; };
		A4D596272AFCD1D300BD71CC /* AstroTableViewCell.xib */ = {isa = PBXFileReference; lastKnownFileType = file.xib; path = AstroTableViewCell.xib; sourceTree = "<group>"; };
		A4E0498A2AF5442B0088434B /* WeeklyWeatherCollectionViewCell.swift */ = {isa = PBXFileReference; lastKnownFileType = sourcecode.swift; path = WeeklyWeatherCollectionViewCell.swift; sourceTree = "<group>"; };
		A4E0498B2AF5442B0088434B /* WeeklyWeatherCollectionViewCell.xib */ = {isa = PBXFileReference; lastKnownFileType = file.xib; path = WeeklyWeatherCollectionViewCell.xib; sourceTree = "<group>"; };
		A4EBDD702AEE41B900446C7B /* NetworkConstant.swift */ = {isa = PBXFileReference; lastKnownFileType = sourcecode.swift; path = NetworkConstant.swift; sourceTree = "<group>"; };
		A4EBDD742AEE457100446C7B /* WeatherLongDayViewController.swift */ = {isa = PBXFileReference; lastKnownFileType = sourcecode.swift; path = WeatherLongDayViewController.swift; sourceTree = "<group>"; };
		A4EBDD7D2AEEB5B900446C7B /* DatesCollectionViewCell.swift */ = {isa = PBXFileReference; lastKnownFileType = sourcecode.swift; path = DatesCollectionViewCell.swift; sourceTree = "<group>"; };
		A4EBDD7E2AEEB5B900446C7B /* DatesCollectionViewCell.xib */ = {isa = PBXFileReference; lastKnownFileType = file.xib; path = DatesCollectionViewCell.xib; sourceTree = "<group>"; };
		A4EBDD812AEEB94E00446C7B /* DatesTableViewCell.swift */ = {isa = PBXFileReference; lastKnownFileType = sourcecode.swift; path = DatesTableViewCell.swift; sourceTree = "<group>"; };
		A4EBDD822AEEB94E00446C7B /* DatesTableViewCell.xib */ = {isa = PBXFileReference; lastKnownFileType = file.xib; path = DatesTableViewCell.xib; sourceTree = "<group>"; };
		A4FBDB892B42AEDF00702946 /* CoreData.xcdatamodel */ = {isa = PBXFileReference; lastKnownFileType = wrapper.xcdatamodel; path = CoreData.xcdatamodel; sourceTree = "<group>"; };
		A4FBDB8B2B42B4C500702946 /* CoreDataHelper.swift */ = {isa = PBXFileReference; lastKnownFileType = sourcecode.swift; path = CoreDataHelper.swift; sourceTree = "<group>"; };
		B43CFDDC8B4A34837CD729F6 /* Pods-WeatherForeCasts.release.xcconfig */ = {isa = PBXFileReference; includeInIndex = 1; lastKnownFileType = text.xcconfig; name = "Pods-WeatherForeCasts.release.xcconfig"; path = "Target Support Files/Pods-WeatherForeCasts/Pods-WeatherForeCasts.release.xcconfig"; sourceTree = "<group>"; };
		BBAA93D3623753DA40B2F7E4 /* Pods-WeatherForeCasts.debug.xcconfig */ = {isa = PBXFileReference; includeInIndex = 1; lastKnownFileType = text.xcconfig; name = "Pods-WeatherForeCasts.debug.xcconfig"; path = "Target Support Files/Pods-WeatherForeCasts/Pods-WeatherForeCasts.debug.xcconfig"; sourceTree = "<group>"; };
/* End PBXFileReference section */

/* Begin PBXFrameworksBuildPhase section */
		A41936992ADE6F6B00ED58BE /* Frameworks */ = {
			isa = PBXFrameworksBuildPhase;
			buildActionMask = 2147483647;
			files = (
				FE8A95F6A29C75A3848A5C23 /* Pods_WeatherForeCasts.framework in Frameworks */,
			);
			runOnlyForDeploymentPostprocessing = 0;
		};
		A4397F892B5A86CD004141AC /* Frameworks */ = {
			isa = PBXFrameworksBuildPhase;
			buildActionMask = 2147483647;
			files = (
			);
			runOnlyForDeploymentPostprocessing = 0;
		};
/* End PBXFrameworksBuildPhase section */

/* Begin PBXGroup section */
		618C24D906BBB665A237366D /* Frameworks */ = {
			isa = PBXGroup;
			children = (
				8814337DCD6E84096BA6CA61 /* Pods_WeatherForeCasts.framework */,
			);
			name = Frameworks;
			sourceTree = "<group>";
		};
		A41309DE2AFF939700884FF6 /* Utils */ = {
			isa = PBXGroup;
			children = (
				A4A876BA2AE3738600ADD832 /* UserDefaults.swift */,
				A47472C92B3492A100629349 /* Animation.swift */,
				A47111042B1A4ED00074167B /* ThemeSetting.swift */,
				A431B4962AFD29FB0047878F /* DateFormate.swift */,
				A41309DC2AFF8FBA00884FF6 /* AQIHandle.swift */,
				A41309E02AFF943100884FF6 /* ImageExtract.swift */,
				A41309E22AFF952E00884FF6 /* WeatherCondition.swift */,
				A41309E42AFFFCA500884FF6 /* UVIndex.swift */,
				A4C4C6D82B0BC5D300E1E84C /* Validator.swift */,
				A407C6552B125B7E00D0EA98 /* StandardForm.swift */,
				A4304EC12B16511B0015C2CC /* Constants.swift */,
				A4A626732B13C41000D154B0 /* Showloading and Aleart.swift */,
				A486A68C2B1987E500E73521 /* UIStatusBarStyle.swift */,
			);
			path = Utils;
			sourceTree = "<group>";
		};
		A4131B792B036A45002D625E /* Side Menu */ = {
			isa = PBXGroup;
			children = (
				A4A4C0CF2B01326100CA2137 /* SldeMenuViewController.swift */,
				A4131B7A2B036A72002D625E /* Menu Cell */,
			);
			path = "Side Menu";
			sourceTree = "<group>";
		};
		A4131B7A2B036A72002D625E /* Menu Cell */ = {
			isa = PBXGroup;
			children = (
				A4A4C0D12B013ADF00CA2137 /* MenuTableViewCell.swift */,
				A4A4C0D22B013ADF00CA2137 /* MenuTableViewCell.xib */,
			);
			path = "Menu Cell";
			sourceTree = "<group>";
		};
		A41355A92AF660DD0084E440 /* WeeklyCollectionCell */ = {
			isa = PBXGroup;
			children = (
				A4E0498A2AF5442B0088434B /* WeeklyWeatherCollectionViewCell.swift */,
				A4E0498B2AF5442B0088434B /* WeeklyWeatherCollectionViewCell.xib */,
			);
			path = WeeklyCollectionCell;
			sourceTree = "<group>";
		};
		A41355AA2AF660FD0084E440 /* DailyCollectionCell */ = {
			isa = PBXGroup;
			children = (
				A44B54712AF57D330096354A /* DailyCollectionViewCell.swift */,
				A44B54722AF57D330096354A /* DailyCollectionViewCell.xib */,
			);
			path = DailyCollectionCell;
			sourceTree = "<group>";
		};
		A41355AB2AF6613C0084E440 /* OtherInform */ = {
			isa = PBXGroup;
			children = (
				A41355AD2AF661A00084E440 /* OtherInformTableViewCell.swift */,
				A41355AE2AF661A00084E440 /* OtherInformTableViewCell.xib */,
			);
			path = OtherInform;
			sourceTree = "<group>";
		};
		A41355B52AF663F50084E440 /* AqiCell */ = {
			isa = PBXGroup;
			children = (
				A41355B12AF663E80084E440 /* AQITableViewCell.swift */,
				A41355B22AF663E80084E440 /* AQITableViewCell.xib */,
			);
			path = AqiCell;
			sourceTree = "<group>";
		};
		A41936932ADE6F6B00ED58BE = {
			isa = PBXGroup;
			children = (
				A45FB6832AE1160700F7E599 /* WeatherForeCasts.xcworkspace */,
				A419369E2ADE6F6B00ED58BE /* WeatherForeCasts */,
				A4397F8D2B5A86CD004141AC /* WeatherForeCastsTests */,
				A419369D2ADE6F6B00ED58BE /* Products */,
				C791A713062B7E3319046BE8 /* Pods */,
				618C24D906BBB665A237366D /* Frameworks */,
			);
			sourceTree = "<group>";
		};
		A419369D2ADE6F6B00ED58BE /* Products */ = {
			isa = PBXGroup;
			children = (
				A419369C2ADE6F6B00ED58BE /* WeatherForeCasts.app */,
				A4397F8C2B5A86CD004141AC /* WeatherForeCastsTests.xctest */,
			);
			name = Products;
			sourceTree = "<group>";
		};
		A419369E2ADE6F6B00ED58BE /* WeatherForeCasts */ = {
			isa = PBXGroup;
			children = (
				A4648AB82B1D6E9800434590 /* WeatherForeCasts.entitlements */,
				A41309DE2AFF939700884FF6 /* Utils */,
				A4FBDB872B42AE7500702946 /* CoreData */,
				A4EBDD6F2AEE417900446C7B /* Network */,
				A474ED092AECB74D00E3FD3B /* Poppins Font */,
				A4A876C02AE51AB000ADD832 /* Extension */,
				A419369F2ADE6F6B00ED58BE /* AppDelegate.swift */,
				A41936A12ADE6F6B00ED58BE /* SceneDelegate.swift */,
				A448D03C2B173B0B000A70BF /* No Internet Access */,
				A41ADF822AE524630020A1BE /* Onbroad */,
				A41936B72ADE7A6D00ED58BE /* Account */,
				A4E049852AF53D3A0088434B /* HomeScreen */,
				A4BD34552AEFBD3F008245A1 /* Weather14days */,
				A41936A82ADE6F7000ED58BE /* Assets.xcassets */,
				A41936AA2ADE6F7000ED58BE /* LaunchScreen.storyboard */,
				A41936A52ADE6F6B00ED58BE /* Main.storyboard */,
				A46351EE2AE132A100F8D65A /* GoogleService-Info.plist */,
				A41936AD2ADE6F7000ED58BE /* Info.plist */,
				A43904DB2B1B37C8006930B5 /* Localizable.strings */,
			);
			path = WeatherForeCasts;
			sourceTree = "<group>";
		};
		A41936B72ADE7A6D00ED58BE /* Account */ = {
			isa = PBXGroup;
			children = (
				A4AFB84E2B5AEBBF0054C7DA /* Profile screen */,
				A4C4C6D42B0BB1BB00E1E84C /* ForgotPassword */,
				A483B9112B109EE500A70AF0 /* Login */,
				A483B9122B109EEE00A70AF0 /* Register */,
			);
			path = Account;
			sourceTree = "<group>";
		};
		A41ADF822AE524630020A1BE /* Onbroad */ = {
			isa = PBXGroup;
			children = (
				A4A876BE2AE4CAA900ADD832 /* OnboardingViewController.swift */,
				A41ADF852AE524CB0020A1BE /* OnbroadingSlide.swift */,
				A42AAB002B3B2E7800C13D40 /* OnboardingCollectionViewCell.swift */,
				A42AAB012B3B2E7800C13D40 /* OnboardingCollectionViewCell.xib */,
			);
			path = Onbroad;
			sourceTree = "<group>";
		};
		A431B4982AFD495D0047878F /* Curent Cell */ = {
			isa = PBXGroup;
			children = (
				A431B4992AFD49E50047878F /* CurrentWeatherTableViewCell.swift */,
				A431B49A2AFD49E50047878F /* CurrentWeatherTableViewCell.xib */,
			);
			path = "Curent Cell";
			sourceTree = "<group>";
		};
		A4397F8D2B5A86CD004141AC /* WeatherForeCastsTests */ = {
			isa = PBXGroup;
			children = (
				A4397F8E2B5A86CD004141AC /* WeatherForeCastsTests.swift */,
			);
			path = WeatherForeCastsTests;
			sourceTree = "<group>";
		};
		A448D03C2B173B0B000A70BF /* No Internet Access */ = {
			isa = PBXGroup;
			children = (
				A448D03D2B173B5B000A70BF /* NoInternetAccessViewController.swift */,
				A448D03F2B173BF2000A70BF /* NetworkMonitor.swift */,
			);
			path = "No Internet Access";
			sourceTree = "<group>";
		};
		A448D0422B17A893000A70BF /* Weather Advice */ = {
			isa = PBXGroup;
			children = (
				A448D0472B17A9E2000A70BF /* WeatherAdviceTableViewCell.swift */,
				A448D0482B17A9E2000A70BF /* WeatherAdviceTableViewCell.xib */,
			);
			path = "Weather Advice";
			sourceTree = "<group>";
		};
		A4694EB12B0CE87800FBCA73 /* Forecast 24h */ = {
			isa = PBXGroup;
			children = (
				A4694EAB2B0CE7CD00FBCA73 /* DailyForecastViewController.swift */,
				A4694EB22B0CE89500FBCA73 /* Cell */,
			);
			path = "Forecast 24h";
			sourceTree = "<group>";
		};
		A4694EB22B0CE89500FBCA73 /* Cell */ = {
			isa = PBXGroup;
			children = (
				A4694EAD2B0CE86A00FBCA73 /* DailyForecastTableViewCell.swift */,
				A4694EAE2B0CE86A00FBCA73 /* DailyForecastTableViewCell.xib */,
			);
			path = Cell;
			sourceTree = "<group>";
		};
		A474ED092AECB74D00E3FD3B /* Poppins Font */ = {
			isa = PBXGroup;
			children = (
				A474ED112AECB78400E3FD3B /* OFL.txt */,
				A474ED152AECB78800E3FD3B /* Poppins-Black.ttf */,
				A474ED0F2AECB78300E3FD3B /* Poppins-BlackItalic.ttf */,
				A474ED0D2AECB78100E3FD3B /* Poppins-Bold.ttf */,
				A474ED1C2AECB78D00E3FD3B /* Poppins-BoldItalic.ttf */,
				A474ED102AECB78300E3FD3B /* Poppins-ExtraBold.ttf */,
				A474ED132AECB78600E3FD3B /* Poppins-ExtraBoldItalic.ttf */,
				A474ED162AECB78900E3FD3B /* Poppins-ExtraLight.ttf */,
				A474ED142AECB78700E3FD3B /* Poppins-ExtraLightItalic.ttf */,
				A474ED172AECB78900E3FD3B /* Poppins-Italic.ttf */,
				A474ED0C2AECB78000E3FD3B /* Poppins-Light.ttf */,
				A474ED122AECB78500E3FD3B /* Poppins-LightItalic.ttf */,
				A474ED182AECB78A00E3FD3B /* Poppins-Medium.ttf */,
				A474ED192AECB78B00E3FD3B /* Poppins-MediumItalic.ttf */,
				A474ED0E2AECB78200E3FD3B /* Poppins-Regular.ttf */,
				A474ED0A2AECB77F00E3FD3B /* Poppins-SemiBold.ttf */,
				A474ED1B2AECB78C00E3FD3B /* Poppins-SemiBoldItalic.ttf */,
				A474ED0B2AECB78000E3FD3B /* Poppins-Thin.ttf */,
				A474ED1A2AECB78C00E3FD3B /* Poppins-ThinItalic.ttf */,
			);
			path = "Poppins Font";
			sourceTree = "<group>";
		};
		A483B9112B109EE500A70AF0 /* Login */ = {
			isa = PBXGroup;
			children = (
				A41936B32ADE79DE00ED58BE /* LoginViewController.swift */,
				A41936B52ADE7A5900ED58BE /* LoginPresenter.swift */,
			);
			path = Login;
			sourceTree = "<group>";
		};
		A483B9122B109EEE00A70AF0 /* Register */ = {
			isa = PBXGroup;
			children = (
				A46351F02AE1345700F8D65A /* RegisterViewController.swift */,
				A46351F22AE138E100F8D65A /* RegisterPresenter.swift */,
			);
			name = Register;
			sourceTree = "<group>";
		};
		A483B9132B109F9E00A70AF0 /* Maps */ = {
			isa = PBXGroup;
			children = (
				A4CA575A2B0F0146004D78C4 /* MapsViewController.swift */,
				A4A27A062B39DCB200C15AD6 /* HistoryCell */,
			);
			path = Maps;
			sourceTree = "<group>";
		};
		A4A27A062B39DCB200C15AD6 /* HistoryCell */ = {
			isa = PBXGroup;
			children = (
				A4A27A072B39DD0200C15AD6 /* SelectedLocationsHistoryTableViewCell.swift */,
				A4A27A082B39DD0200C15AD6 /* SelectedLocationsHistoryTableViewCell.xib */,
				A4A27A0B2B39FC8C00C15AD6 /* LocationHistoryTitleTableViewCell.swift */,
				A4A27A0C2B39FC8C00C15AD6 /* LocationHistoryTitleTableViewCell.xib */,
			);
			path = HistoryCell;
			sourceTree = "<group>";
		};
		A4A5BD862AF0243000046884 /* DatesCell */ = {
			isa = PBXGroup;
			children = (
				A4EBDD812AEEB94E00446C7B /* DatesTableViewCell.swift */,
				A4EBDD822AEEB94E00446C7B /* DatesTableViewCell.xib */,
				A4BD34562AEFBD7D008245A1 /* Cells */,
			);
			path = DatesCell;
			sourceTree = "<group>";
		};
		A4A5BD872AF0245B00046884 /* WeatherCell */ = {
			isa = PBXGroup;
			children = (
				A4A5BD822AF022C500046884 /* WeatherByDayTableViewCell.swift */,
				A4A5BD832AF022C500046884 /* WeatherByDayTableViewCell.xib */,
			);
			path = WeatherCell;
			sourceTree = "<group>";
		};
		A4A876C02AE51AB000ADD832 /* Extension */ = {
			isa = PBXGroup;
			children = (
				A4A876C52AE51B2400ADD832 /* UIView+Extension.swift */,
				A4D2F5832B0B693400A77A1A /* Loading and Show aleart Extension .swift */,
			);
			path = Extension;
			sourceTree = "<group>";
		};
		A4AFB84E2B5AEBBF0054C7DA /* Profile screen */ = {
			isa = PBXGroup;
			children = (
				A4AFB84F2B5AEECA0054C7DA /* ProfileViewController.swift */,
			);
			path = "Profile screen";
			sourceTree = "<group>";
		};
		A4BD34552AEFBD3F008245A1 /* Weather14days */ = {
			isa = PBXGroup;
			children = (
				A4EBDD742AEE457100446C7B /* WeatherLongDayViewController.swift */,
				A4A5BD862AF0243000046884 /* DatesCell */,
				A4A5BD872AF0245B00046884 /* WeatherCell */,
				A4694EB12B0CE87800FBCA73 /* Forecast 24h */,
			);
			path = Weather14days;
			sourceTree = "<group>";
		};
		A4BD34562AEFBD7D008245A1 /* Cells */ = {
			isa = PBXGroup;
			children = (
				A4EBDD7E2AEEB5B900446C7B /* DatesCollectionViewCell.xib */,
				A4EBDD7D2AEEB5B900446C7B /* DatesCollectionViewCell.swift */,
			);
			path = Cells;
			sourceTree = "<group>";
		};
		A4C4C6D42B0BB1BB00E1E84C /* ForgotPassword */ = {
			isa = PBXGroup;
			children = (
				A4C4C6D52B0BB2BD00E1E84C /* ForgotPasswordViewController.swift */,
			);
			path = ForgotPassword;
			sourceTree = "<group>";
		};
		A4D596252AFCD16600BD71CC /* Astro Cell */ = {
			isa = PBXGroup;
			children = (
				A4D596262AFCD1D300BD71CC /* AstroTableViewCell.swift */,
				A4D596272AFCD1D300BD71CC /* AstroTableViewCell.xib */,
			);
			name = "Astro Cell";
			path = "Átro Cell";
			sourceTree = "<group>";
		};
		A4E049852AF53D3A0088434B /* HomeScreen */ = {
			isa = PBXGroup;
			children = (
				A413559F2AF633F50084E440 /* MainViewController.swift */,
				A484B7542B3C8F40005E96D3 /* MainPresenter.swift */,
				A465087E2B19DC8100E7FE0E /* SetingViewController.swift */,
				A483B9132B109F9E00A70AF0 /* Maps */,
				A4131B792B036A45002D625E /* Side Menu */,
				A4E049862AF53D570088434B /* Cell */,
			);
			path = HomeScreen;
			sourceTree = "<group>";
		};
		A4E049862AF53D570088434B /* Cell */ = {
			isa = PBXGroup;
			children = (
				A431B4982AFD495D0047878F /* Curent Cell */,
				A4E049872AF53D730088434B /* 24h Cell */,
				A4E0498E2AF544450088434B /* WeekCell */,
				A41355AB2AF6613C0084E440 /* OtherInform */,
				A41355B52AF663F50084E440 /* AqiCell */,
				A4D596252AFCD16600BD71CC /* Astro Cell */,
				A448D0422B17A893000A70BF /* Weather Advice */,
			);
			path = Cell;
			sourceTree = "<group>";
		};
		A4E049872AF53D730088434B /* 24h Cell */ = {
			isa = PBXGroup;
			children = (
				A41355A52AF638A80084E440 /* DailyTableViewCell.swift */,
				A41355A62AF638A80084E440 /* DailyTableViewCell.xib */,
				A41355AA2AF660FD0084E440 /* DailyCollectionCell */,
			);
			path = "24h Cell";
			sourceTree = "<group>";
		};
		A4E0498E2AF544450088434B /* WeekCell */ = {
			isa = PBXGroup;
			children = (
				A41355A12AF637E80084E440 /* WeeklyTableViewCell.swift */,
				A41355A22AF637E80084E440 /* WeeklyTableViewCell.xib */,
				A41355A92AF660DD0084E440 /* WeeklyCollectionCell */,
			);
			path = WeekCell;
			sourceTree = "<group>";
		};
		A4EBDD6F2AEE417900446C7B /* Network */ = {
			isa = PBXGroup;
			children = (
				A497C3002B0A6A5C00629827 /* UserProfile.swift */,
				A4EBDD702AEE41B900446C7B /* NetworkConstant.swift */,
				A4833BDF2B0E7117006525EC /* locationDelegate.swift */,
				A4B5119C2AE97B8200FB1AAB /* DailyResponse.swift */,
				A43D70A22B2FE9D700E6FE5F /* WeatherDataResponse.swift */,
			);
			path = Network;
			sourceTree = "<group>";
		};
		A4FBDB872B42AE7500702946 /* CoreData */ = {
			isa = PBXGroup;
			children = (
				A4FBDB8B2B42B4C500702946 /* CoreDataHelper.swift */,
				A4FBDB882B42AEDF00702946 /* CoreData.xcdatamodeld */,
				A417E8702B45B96F00280680 /* WeatherDataEntity+CoreDataClass.swift */,
				A417E8712B45B97000280680 /* WeatherDataEntity+CoreDataProperties.swift */,
				A417E8742B45B97300280680 /* FullResImageEntity+CoreDataClass.swift */,
				A417E86D2B45B96E00280680 /* FullResImageEntity+CoreDataProperties.swift */,
				A417E86F2B45B96F00280680 /* ProfileEntity+CoreDataClass.swift */,
				A417E8722B45B97000280680 /* ProfileEntity+CoreDataProperties.swift */,
				A417E86E2B45B96E00280680 /* LocationEntity+CoreDataClass.swift */,
				A417E8732B45B97100280680 /* LocationEntity+CoreDataProperties.swift */,
			);
			path = CoreData;
			sourceTree = "<group>";
		};
		C791A713062B7E3319046BE8 /* Pods */ = {
			isa = PBXGroup;
			children = (
				BBAA93D3623753DA40B2F7E4 /* Pods-WeatherForeCasts.debug.xcconfig */,
				B43CFDDC8B4A34837CD729F6 /* Pods-WeatherForeCasts.release.xcconfig */,
			);
			path = Pods;
			sourceTree = "<group>";
		};
/* End PBXGroup section */

/* Begin PBXNativeTarget section */
		A419369B2ADE6F6B00ED58BE /* WeatherForeCasts */ = {
			isa = PBXNativeTarget;
			buildConfigurationList = A41936B02ADE6F7000ED58BE /* Build configuration list for PBXNativeTarget "WeatherForeCasts" */;
			buildPhases = (
				B2DEA92E81AFB886CCC179B0 /* [CP] Check Pods Manifest.lock */,
				A41936982ADE6F6B00ED58BE /* Sources */,
				A41936992ADE6F6B00ED58BE /* Frameworks */,
				A419369A2ADE6F6B00ED58BE /* Resources */,
				4C7DC91DFC1805E43FAD1455 /* [CP] Embed Pods Frameworks */,
			);
			buildRules = (
			);
			dependencies = (
			);
			name = WeatherForeCasts;
			productName = WeatherForeCasts;
			productReference = A419369C2ADE6F6B00ED58BE /* WeatherForeCasts.app */;
			productType = "com.apple.product-type.application";
		};
		A4397F8B2B5A86CD004141AC /* WeatherForeCastsTests */ = {
			isa = PBXNativeTarget;
			buildConfigurationList = A4397F942B5A86CD004141AC /* Build configuration list for PBXNativeTarget "WeatherForeCastsTests" */;
			buildPhases = (
				A4397F882B5A86CD004141AC /* Sources */,
				A4397F892B5A86CD004141AC /* Frameworks */,
				A4397F8A2B5A86CD004141AC /* Resources */,
			);
			buildRules = (
			);
			dependencies = (
				A4397F912B5A86CD004141AC /* PBXTargetDependency */,
			);
			name = WeatherForeCastsTests;
			productName = WeatherForeCastsTests;
			productReference = A4397F8C2B5A86CD004141AC /* WeatherForeCastsTests.xctest */;
			productType = "com.apple.product-type.bundle.unit-test";
		};
/* End PBXNativeTarget section */

/* Begin PBXProject section */
		A41936942ADE6F6B00ED58BE /* Project object */ = {
			isa = PBXProject;
			attributes = {
				BuildIndependentTargetsInParallel = 1;
				LastSwiftUpdateCheck = 1430;
				LastUpgradeCheck = 1430;
				TargetAttributes = {
					A419369B2ADE6F6B00ED58BE = {
						CreatedOnToolsVersion = 14.3.1;
					};
					A4397F8B2B5A86CD004141AC = {
						CreatedOnToolsVersion = 14.3.1;
						TestTargetID = A419369B2ADE6F6B00ED58BE;
					};
				};
			};
			buildConfigurationList = A41936972ADE6F6B00ED58BE /* Build configuration list for PBXProject "WeatherForeCasts" */;
			compatibilityVersion = "Xcode 14.0";
			developmentRegion = en;
			hasScannedForEncodings = 0;
			knownRegions = (
				en,
				Base,
				vi,
			);
			mainGroup = A41936932ADE6F6B00ED58BE;
			productRefGroup = A419369D2ADE6F6B00ED58BE /* Products */;
			projectDirPath = "";
			projectRoot = "";
			targets = (
				A419369B2ADE6F6B00ED58BE /* WeatherForeCasts */,
				A4397F8B2B5A86CD004141AC /* WeatherForeCastsTests */,
			);
		};
/* End PBXProject section */

/* Begin PBXResourcesBuildPhase section */
		A419369A2ADE6F6B00ED58BE /* Resources */ = {
			isa = PBXResourcesBuildPhase;
			buildActionMask = 2147483647;
			files = (
				A4A27A0A2B39DD0200C15AD6 /* SelectedLocationsHistoryTableViewCell.xib in Resources */,
				A4A4C0D42B013ADF00CA2137 /* MenuTableViewCell.xib in Resources */,
				A474ED272AECB78D00E3FD3B /* Poppins-ExtraLightItalic.ttf in Resources */,
				A44B54742AF57D330096354A /* DailyCollectionViewCell.xib in Resources */,
				A41355B42AF663E80084E440 /* AQITableViewCell.xib in Resources */,
				A474ED2D2AECB78D00E3FD3B /* Poppins-ThinItalic.ttf in Resources */,
				A4A27A0E2B39FC8C00C15AD6 /* LocationHistoryTitleTableViewCell.xib in Resources */,
				A4E0498D2AF5442B0088434B /* WeeklyWeatherCollectionViewCell.xib in Resources */,
				A474ED2A2AECB78D00E3FD3B /* Poppins-Italic.ttf in Resources */,
				A4A5BD852AF022C500046884 /* WeatherByDayTableViewCell.xib in Resources */,
				A4C4C6D72B0BB88A00E1E84C /* Poppins-Regular.ttf in Resources */,
				A4131B762B03621F002D625E /* Poppins-BoldItalic.ttf in Resources */,
				A431B49C2AFD49E60047878F /* CurrentWeatherTableViewCell.xib in Resources */,
				A474ED1E2AECB78D00E3FD3B /* Poppins-Thin.ttf in Resources */,
				A41355B02AF661A00084E440 /* OtherInformTableViewCell.xib in Resources */,
				A41936AC2ADE6F7000ED58BE /* LaunchScreen.storyboard in Resources */,
				A474ED232AECB78D00E3FD3B /* Poppins-ExtraBold.ttf in Resources */,
				A4D596292AFCD1D400BD71CC /* AstroTableViewCell.xib in Resources */,
				A4D09F2D2B2367C4002BCF7A /* Poppins-BlackItalic.ttf in Resources */,
				A4EBDD802AEEB5B900446C7B /* DatesCollectionViewCell.xib in Resources */,
				A46351EF2AE132A100F8D65A /* GoogleService-Info.plist in Resources */,
				A448D0412B17446A000A70BF /* Poppins-Light.ttf in Resources */,
				A474ED1D2AECB78D00E3FD3B /* Poppins-SemiBold.ttf in Resources */,
				A4EBDD842AEEB94E00446C7B /* DatesTableViewCell.xib in Resources */,
				A474ED242AECB78D00E3FD3B /* OFL.txt in Resources */,
				A474ED262AECB78D00E3FD3B /* Poppins-ExtraBoldItalic.ttf in Resources */,
				A474ED292AECB78D00E3FD3B /* Poppins-ExtraLight.ttf in Resources */,
				A4A27A0F2B39FCE600C15AD6 /* Poppins-Bold.ttf in Resources */,
				A474ED252AECB78D00E3FD3B /* Poppins-LightItalic.ttf in Resources */,
				A448D04A2B17A9E2000A70BF /* WeatherAdviceTableViewCell.xib in Resources */,
				A41936A92ADE6F7000ED58BE /* Assets.xcassets in Resources */,
				A42AAB032B3B2E7800C13D40 /* OnboardingCollectionViewCell.xib in Resources */,
				A4694EB02B0CE86A00FBCA73 /* DailyForecastTableViewCell.xib in Resources */,
				A41936A72ADE6F6B00ED58BE /* Main.storyboard in Resources */,
				A474ED2E2AECB78D00E3FD3B /* Poppins-SemiBoldItalic.ttf in Resources */,
				A474ED2C2AECB78D00E3FD3B /* Poppins-MediumItalic.ttf in Resources */,
				A4D5962A2AFCD4CD00BD71CC /* Poppins-Black.ttf in Resources */,
				A4694EB32B0CEA5900FBCA73 /* Poppins-Medium.ttf in Resources */,
				A43904D92B1B37C8006930B5 /* Localizable.strings in Resources */,
				A41355A82AF638A80084E440 /* DailyTableViewCell.xib in Resources */,
				A41355A42AF637E80084E440 /* WeeklyTableViewCell.xib in Resources */,
			);
			runOnlyForDeploymentPostprocessing = 0;
		};
		A4397F8A2B5A86CD004141AC /* Resources */ = {
			isa = PBXResourcesBuildPhase;
			buildActionMask = 2147483647;
			files = (
			);
			runOnlyForDeploymentPostprocessing = 0;
		};
/* End PBXResourcesBuildPhase section */

/* Begin PBXShellScriptBuildPhase section */
		4C7DC91DFC1805E43FAD1455 /* [CP] Embed Pods Frameworks */ = {
			isa = PBXShellScriptBuildPhase;
			buildActionMask = 2147483647;
			files = (
			);
			inputFileListPaths = (
				"${PODS_ROOT}/Target Support Files/Pods-WeatherForeCasts/Pods-WeatherForeCasts-frameworks-${CONFIGURATION}-input-files.xcfilelist",
			);
			name = "[CP] Embed Pods Frameworks";
			outputFileListPaths = (
				"${PODS_ROOT}/Target Support Files/Pods-WeatherForeCasts/Pods-WeatherForeCasts-frameworks-${CONFIGURATION}-output-files.xcfilelist",
			);
			runOnlyForDeploymentPostprocessing = 0;
			shellPath = /bin/sh;
			shellScript = "\"${PODS_ROOT}/Target Support Files/Pods-WeatherForeCasts/Pods-WeatherForeCasts-frameworks.sh\"\n";
			showEnvVarsInLog = 0;
		};
		B2DEA92E81AFB886CCC179B0 /* [CP] Check Pods Manifest.lock */ = {
			isa = PBXShellScriptBuildPhase;
			buildActionMask = 2147483647;
			files = (
			);
			inputFileListPaths = (
			);
			inputPaths = (
				"${PODS_PODFILE_DIR_PATH}/Podfile.lock",
				"${PODS_ROOT}/Manifest.lock",
			);
			name = "[CP] Check Pods Manifest.lock";
			outputFileListPaths = (
			);
			outputPaths = (
				"$(DERIVED_FILE_DIR)/Pods-WeatherForeCasts-checkManifestLockResult.txt",
			);
			runOnlyForDeploymentPostprocessing = 0;
			shellPath = /bin/sh;
			shellScript = "diff \"${PODS_PODFILE_DIR_PATH}/Podfile.lock\" \"${PODS_ROOT}/Manifest.lock\" > /dev/null\nif [ $? != 0 ] ; then\n    # print error to STDERR\n    echo \"error: The sandbox is not in sync with the Podfile.lock. Run 'pod install' or update your CocoaPods installation.\" >&2\n    exit 1\nfi\n# This output is used by Xcode 'outputs' to avoid re-running this script phase.\necho \"SUCCESS\" > \"${SCRIPT_OUTPUT_FILE_0}\"\n";
			showEnvVarsInLog = 0;
		};
/* End PBXShellScriptBuildPhase section */

/* Begin PBXSourcesBuildPhase section */
		A41936982ADE6F6B00ED58BE /* Sources */ = {
			isa = PBXSourcesBuildPhase;
			buildActionMask = 2147483647;
			files = (
				A4CA575B2B0F0146004D78C4 /* MapsViewController.swift in Sources */,
				A4FBDB8C2B42B4C500702946 /* CoreDataHelper.swift in Sources */,
				A4C4C6D92B0BC5D400E1E84C /* Validator.swift in Sources */,
				A417E8782B45B97400280680 /* FullResImageEntity+CoreDataProperties.swift in Sources */,
				A4A27A0D2B39FC8C00C15AD6 /* LocationHistoryTitleTableViewCell.swift in Sources */,
				A4B5119D2AE97B8400FB1AAB /* DailyResponse.swift in Sources */,
				A4E0498C2AF5442B0088434B /* WeeklyWeatherCollectionViewCell.swift in Sources */,
				A4694EAF2B0CE86A00FBCA73 /* DailyForecastTableViewCell.swift in Sources */,
				A4833BE02B0E7118006525EC /* locationDelegate.swift in Sources */,
				A4D596282AFCD1D300BD71CC /* AstroTableViewCell.swift in Sources */,
				A417E8792B45B97400280680 /* ProfileEntity+CoreDataClass.swift in Sources */,
				A4A876C62AE51B2400ADD832 /* UIView+Extension.swift in Sources */,
				A4EBDD832AEEB94E00446C7B /* DatesTableViewCell.swift in Sources */,
				A4FBDB8A2B42AEDF00702946 /* CoreData.xcdatamodeld in Sources */,
				A431B49B2AFD49E60047878F /* CurrentWeatherTableViewCell.swift in Sources */,
				A41936B42ADE79DE00ED58BE /* LoginViewController.swift in Sources */,
				A4D2F5842B0B693400A77A1A /* Loading and Show aleart Extension .swift in Sources */,
				A417E8772B45B97400280680 /* WeatherDataEntity+CoreDataProperties.swift in Sources */,
				A41309E32AFF952E00884FF6 /* WeatherCondition.swift in Sources */,
				A46351F12AE1345700F8D65A /* RegisterViewController.swift in Sources */,
				A41309E12AFF943100884FF6 /* ImageExtract.swift in Sources */,
				A417E8762B45B97400280680 /* LocationEntity+CoreDataClass.swift in Sources */,
				A417E87C2B45B97400280680 /* LocationEntity+CoreDataProperties.swift in Sources */,
				A4A626742B13C41000D154B0 /* Showloading and Aleart.swift in Sources */,
				A41936A02ADE6F6B00ED58BE /* AppDelegate.swift in Sources */,
				A497C3012B0A6A5C00629827 /* UserProfile.swift in Sources */,
				A486A68D2B1987E500E73521 /* UIStatusBarStyle.swift in Sources */,
				A4C4C6D62B0BB2BD00E1E84C /* ForgotPasswordViewController.swift in Sources */,
				A41355A32AF637E80084E440 /* WeeklyTableViewCell.swift in Sources */,
				A4304EC22B16511B0015C2CC /* Constants.swift in Sources */,
				A4EBDD712AEE41B900446C7B /* NetworkConstant.swift in Sources */,
				A4EBDD7F2AEEB5B900446C7B /* DatesCollectionViewCell.swift in Sources */,
				A44B54732AF57D330096354A /* DailyCollectionViewCell.swift in Sources */,
				A417E87B2B45B97400280680 /* FullResImageEntity+CoreDataClass.swift in Sources */,
				A42AAB022B3B2E7800C13D40 /* OnboardingCollectionViewCell.swift in Sources */,
				A47111052B1A4ED00074167B /* ThemeSetting.swift in Sources */,
				A41936A22ADE6F6B00ED58BE /* SceneDelegate.swift in Sources */,
				A4694EAC2B0CE7CD00FBCA73 /* DailyForecastViewController.swift in Sources */,
				A448D03E2B173B5B000A70BF /* NoInternetAccessViewController.swift in Sources */,
				A431B4972AFD29FB0047878F /* DateFormate.swift in Sources */,
				A41355A02AF633F50084E440 /* MainViewController.swift in Sources */,
				A4A876BB2AE3738600ADD832 /* UserDefaults.swift in Sources */,
				A41936B62ADE7A5900ED58BE /* LoginPresenter.swift in Sources */,
				A47472CA2B3492A100629349 /* Animation.swift in Sources */,
				A448D0492B17A9E2000A70BF /* WeatherAdviceTableViewCell.swift in Sources */,
				A41ADF862AE524CB0020A1BE /* OnbroadingSlide.swift in Sources */,
				A465087F2B19DC8100E7FE0E /* SetingViewController.swift in Sources */,
				A4A27A092B39DD0200C15AD6 /* SelectedLocationsHistoryTableViewCell.swift in Sources */,
				A41355AF2AF661A00084E440 /* OtherInformTableViewCell.swift in Sources */,
				A4A876BF2AE4CAAA00ADD832 /* OnboardingViewController.swift in Sources */,
				A417E87A2B45B97400280680 /* ProfileEntity+CoreDataProperties.swift in Sources */,
				A43D70A32B2FE9D700E6FE5F /* WeatherDataResponse.swift in Sources */,
				A407C6562B125B7E00D0EA98 /* StandardForm.swift in Sources */,
				A41355A72AF638A80084E440 /* DailyTableViewCell.swift in Sources */,
				A417E8752B45B97400280680 /* WeatherDataEntity+CoreDataClass.swift in Sources */,
				A448D0402B173BF2000A70BF /* NetworkMonitor.swift in Sources */,
				A484B7552B3C8F40005E96D3 /* MainPresenter.swift in Sources */,
				A4AFB8502B5AEECB0054C7DA /* ProfileViewController.swift in Sources */,
				A41309DD2AFF8FBA00884FF6 /* AQIHandle.swift in Sources */,
				A41355B32AF663E80084E440 /* AQITableViewCell.swift in Sources */,
				A41309E52AFFFCA500884FF6 /* UVIndex.swift in Sources */,
				A4A5BD842AF022C500046884 /* WeatherByDayTableViewCell.swift in Sources */,
				A4A4C0D02B01326100CA2137 /* SldeMenuViewController.swift in Sources */,
				A45FB6842AE1160700F7E599 /* WeatherForeCasts.xcworkspace in Sources */,
				A4EBDD762AEE457100446C7B /* WeatherLongDayViewController.swift in Sources */,
				A4A4C0D32B013ADF00CA2137 /* MenuTableViewCell.swift in Sources */,
				A46351F32AE138E100F8D65A /* RegisterPresenter.swift in Sources */,
			);
			runOnlyForDeploymentPostprocessing = 0;
		};
		A4397F882B5A86CD004141AC /* Sources */ = {
			isa = PBXSourcesBuildPhase;
			buildActionMask = 2147483647;
			files = (
				A4397F8F2B5A86CD004141AC /* WeatherForeCastsTests.swift in Sources */,
			);
			runOnlyForDeploymentPostprocessing = 0;
		};
/* End PBXSourcesBuildPhase section */

/* Begin PBXTargetDependency section */
		A4397F912B5A86CD004141AC /* PBXTargetDependency */ = {
			isa = PBXTargetDependency;
			target = A419369B2ADE6F6B00ED58BE /* WeatherForeCasts */;
			targetProxy = A4397F902B5A86CD004141AC /* PBXContainerItemProxy */;
		};
/* End PBXTargetDependency section */

/* Begin PBXVariantGroup section */
		A41936A52ADE6F6B00ED58BE /* Main.storyboard */ = {
			isa = PBXVariantGroup;
			children = (
				A41936A62ADE6F6B00ED58BE /* Base */,
				A43904D62B1B36BD006930B5 /* vi */,
			);
			name = Main.storyboard;
			sourceTree = "<group>";
		};
		A41936AA2ADE6F7000ED58BE /* LaunchScreen.storyboard */ = {
			isa = PBXVariantGroup;
			children = (
				A41936AB2ADE6F7000ED58BE /* Base */,
			);
			name = LaunchScreen.storyboard;
			sourceTree = "<group>";
		};
		A43904DB2B1B37C8006930B5 /* Localizable.strings */ = {
			isa = PBXVariantGroup;
			children = (
				A43904DA2B1B37C8006930B5 /* en */,
				A43904DC2B1B37CC006930B5 /* vi */,
			);
			name = Localizable.strings;
			sourceTree = "<group>";
		};
/* End PBXVariantGroup section */

/* Begin XCBuildConfiguration section */
		A41936AE2ADE6F7000ED58BE /* Debug */ = {
			isa = XCBuildConfiguration;
			buildSettings = {
				ALWAYS_SEARCH_USER_PATHS = NO;
				CLANG_ANALYZER_LOCALIZABILITY_NONLOCALIZED = YES;
				CLANG_ANALYZER_NONNULL = YES;
				CLANG_ANALYZER_NUMBER_OBJECT_CONVERSION = YES_AGGRESSIVE;
				CLANG_CXX_LANGUAGE_STANDARD = "gnu++20";
				CLANG_ENABLE_MODULES = YES;
				CLANG_ENABLE_OBJC_ARC = YES;
				CLANG_ENABLE_OBJC_WEAK = YES;
				CLANG_WARN_BLOCK_CAPTURE_AUTORELEASING = YES;
				CLANG_WARN_BOOL_CONVERSION = YES;
				CLANG_WARN_COMMA = YES;
				CLANG_WARN_CONSTANT_CONVERSION = YES;
				CLANG_WARN_DEPRECATED_OBJC_IMPLEMENTATIONS = YES;
				CLANG_WARN_DIRECT_OBJC_ISA_USAGE = YES_ERROR;
				CLANG_WARN_DOCUMENTATION_COMMENTS = YES;
				CLANG_WARN_EMPTY_BODY = YES;
				CLANG_WARN_ENUM_CONVERSION = YES;
				CLANG_WARN_INFINITE_RECURSION = YES;
				CLANG_WARN_INT_CONVERSION = YES;
				CLANG_WARN_NON_LITERAL_NULL_CONVERSION = YES;
				CLANG_WARN_OBJC_IMPLICIT_RETAIN_SELF = YES;
				CLANG_WARN_OBJC_LITERAL_CONVERSION = YES;
				CLANG_WARN_OBJC_ROOT_CLASS = YES_ERROR;
				CLANG_WARN_QUOTED_INCLUDE_IN_FRAMEWORK_HEADER = YES;
				CLANG_WARN_RANGE_LOOP_ANALYSIS = YES;
				CLANG_WARN_STRICT_PROTOTYPES = YES;
				CLANG_WARN_SUSPICIOUS_MOVE = YES;
				CLANG_WARN_UNGUARDED_AVAILABILITY = YES_AGGRESSIVE;
				CLANG_WARN_UNREACHABLE_CODE = YES;
				CLANG_WARN__DUPLICATE_METHOD_MATCH = YES;
				COPY_PHASE_STRIP = NO;
				DEBUG_INFORMATION_FORMAT = dwarf;
				ENABLE_STRICT_OBJC_MSGSEND = YES;
				ENABLE_TESTABILITY = YES;
				GCC_C_LANGUAGE_STANDARD = gnu11;
				GCC_DYNAMIC_NO_PIC = NO;
				GCC_NO_COMMON_BLOCKS = YES;
				GCC_OPTIMIZATION_LEVEL = 0;
				GCC_PREPROCESSOR_DEFINITIONS = (
					"DEBUG=1",
					"$(inherited)",
				);
				GCC_WARN_64_TO_32_BIT_CONVERSION = YES;
				GCC_WARN_ABOUT_RETURN_TYPE = YES_ERROR;
				GCC_WARN_UNDECLARED_SELECTOR = YES;
				GCC_WARN_UNINITIALIZED_AUTOS = YES_AGGRESSIVE;
				GCC_WARN_UNUSED_FUNCTION = YES;
				GCC_WARN_UNUSED_VARIABLE = YES;
				IPHONEOS_DEPLOYMENT_TARGET = 16.4;
				MTL_ENABLE_DEBUG_INFO = INCLUDE_SOURCE;
				MTL_FAST_MATH = YES;
				ONLY_ACTIVE_ARCH = YES;
				SDKROOT = iphoneos;
				SWIFT_ACTIVE_COMPILATION_CONDITIONS = DEBUG;
				SWIFT_OPTIMIZATION_LEVEL = "-Onone";
			};
			name = Debug;
		};
		A41936AF2ADE6F7000ED58BE /* Release */ = {
			isa = XCBuildConfiguration;
			buildSettings = {
				ALWAYS_SEARCH_USER_PATHS = NO;
				CLANG_ANALYZER_LOCALIZABILITY_NONLOCALIZED = YES;
				CLANG_ANALYZER_NONNULL = YES;
				CLANG_ANALYZER_NUMBER_OBJECT_CONVERSION = YES_AGGRESSIVE;
				CLANG_CXX_LANGUAGE_STANDARD = "gnu++20";
				CLANG_ENABLE_MODULES = YES;
				CLANG_ENABLE_OBJC_ARC = YES;
				CLANG_ENABLE_OBJC_WEAK = YES;
				CLANG_WARN_BLOCK_CAPTURE_AUTORELEASING = YES;
				CLANG_WARN_BOOL_CONVERSION = YES;
				CLANG_WARN_COMMA = YES;
				CLANG_WARN_CONSTANT_CONVERSION = YES;
				CLANG_WARN_DEPRECATED_OBJC_IMPLEMENTATIONS = YES;
				CLANG_WARN_DIRECT_OBJC_ISA_USAGE = YES_ERROR;
				CLANG_WARN_DOCUMENTATION_COMMENTS = YES;
				CLANG_WARN_EMPTY_BODY = YES;
				CLANG_WARN_ENUM_CONVERSION = YES;
				CLANG_WARN_INFINITE_RECURSION = YES;
				CLANG_WARN_INT_CONVERSION = YES;
				CLANG_WARN_NON_LITERAL_NULL_CONVERSION = YES;
				CLANG_WARN_OBJC_IMPLICIT_RETAIN_SELF = YES;
				CLANG_WARN_OBJC_LITERAL_CONVERSION = YES;
				CLANG_WARN_OBJC_ROOT_CLASS = YES_ERROR;
				CLANG_WARN_QUOTED_INCLUDE_IN_FRAMEWORK_HEADER = YES;
				CLANG_WARN_RANGE_LOOP_ANALYSIS = YES;
				CLANG_WARN_STRICT_PROTOTYPES = YES;
				CLANG_WARN_SUSPICIOUS_MOVE = YES;
				CLANG_WARN_UNGUARDED_AVAILABILITY = YES_AGGRESSIVE;
				CLANG_WARN_UNREACHABLE_CODE = YES;
				CLANG_WARN__DUPLICATE_METHOD_MATCH = YES;
				COPY_PHASE_STRIP = NO;
				DEBUG_INFORMATION_FORMAT = "dwarf-with-dsym";
				ENABLE_NS_ASSERTIONS = NO;
				ENABLE_STRICT_OBJC_MSGSEND = YES;
				GCC_C_LANGUAGE_STANDARD = gnu11;
				GCC_NO_COMMON_BLOCKS = YES;
				GCC_WARN_64_TO_32_BIT_CONVERSION = YES;
				GCC_WARN_ABOUT_RETURN_TYPE = YES_ERROR;
				GCC_WARN_UNDECLARED_SELECTOR = YES;
				GCC_WARN_UNINITIALIZED_AUTOS = YES_AGGRESSIVE;
				GCC_WARN_UNUSED_FUNCTION = YES;
				GCC_WARN_UNUSED_VARIABLE = YES;
				IPHONEOS_DEPLOYMENT_TARGET = 16.4;
				MTL_ENABLE_DEBUG_INFO = NO;
				MTL_FAST_MATH = YES;
				SDKROOT = iphoneos;
				SWIFT_COMPILATION_MODE = wholemodule;
				SWIFT_OPTIMIZATION_LEVEL = "-O";
				VALIDATE_PRODUCT = YES;
			};
			name = Release;
		};
		A41936B12ADE6F7000ED58BE /* Debug */ = {
			isa = XCBuildConfiguration;
			baseConfigurationReference = BBAA93D3623753DA40B2F7E4 /* Pods-WeatherForeCasts.debug.xcconfig */;
			buildSettings = {
				ASSETCATALOG_COMPILER_APPICON_NAME = AppIcon;
				ASSETCATALOG_COMPILER_GLOBAL_ACCENT_COLOR_NAME = AccentColor;
				CODE_SIGN_ENTITLEMENTS = WeatherForeCasts/WeatherForeCasts.entitlements;
				CODE_SIGN_STYLE = Automatic;
				CURRENT_PROJECT_VERSION = 1;
				DEVELOPMENT_TEAM = FGS26H53AZ;
				GENERATE_INFOPLIST_FILE = YES;
				INFOPLIST_FILE = WeatherForeCasts/Info.plist;
				INFOPLIST_KEY_LSApplicationCategoryType = "";
				INFOPLIST_KEY_NSLocationAlwaysAndWhenInUseUsageDescription = "Please allow use location for forecast";
				INFOPLIST_KEY_NSLocationWhenInUseUsageDescription = "Please allow use location for forecast";
				INFOPLIST_KEY_NSPhotoLibraryUsageDescription = "Please allow to use Photos Library";
				INFOPLIST_KEY_UIApplicationSupportsIndirectInputEvents = YES;
				INFOPLIST_KEY_UILaunchStoryboardName = LaunchScreen;
				INFOPLIST_KEY_UIMainStoryboardFile = Main;
				INFOPLIST_KEY_UIStatusBarStyle = "";
				INFOPLIST_KEY_UISupportedInterfaceOrientations = UIInterfaceOrientationPortrait;
				IPHONEOS_DEPLOYMENT_TARGET = 15.1;
				LD_RUNPATH_SEARCH_PATHS = (
					"$(inherited)",
					"@executable_path/Frameworks",
				);
				MARKETING_VERSION = 1.0;
				PRODUCT_BUNDLE_IDENTIFIER = "Nguyen-Huu-Linh.WeatherForeCasts";
				PRODUCT_NAME = "$(TARGET_NAME)";
				SWIFT_EMIT_LOC_STRINGS = YES;
				SWIFT_VERSION = 5.0;
				TARGETED_DEVICE_FAMILY = "1,2";
			};
			name = Debug;
		};
		A41936B22ADE6F7000ED58BE /* Release */ = {
			isa = XCBuildConfiguration;
			baseConfigurationReference = B43CFDDC8B4A34837CD729F6 /* Pods-WeatherForeCasts.release.xcconfig */;
			buildSettings = {
				ASSETCATALOG_COMPILER_APPICON_NAME = AppIcon;
				ASSETCATALOG_COMPILER_GLOBAL_ACCENT_COLOR_NAME = AccentColor;
				CODE_SIGN_ENTITLEMENTS = WeatherForeCasts/WeatherForeCasts.entitlements;
				CODE_SIGN_STYLE = Automatic;
				CURRENT_PROJECT_VERSION = 1;
				DEVELOPMENT_TEAM = FGS26H53AZ;
				GENERATE_INFOPLIST_FILE = YES;
				INFOPLIST_FILE = WeatherForeCasts/Info.plist;
				INFOPLIST_KEY_LSApplicationCategoryType = "";
				INFOPLIST_KEY_NSLocationAlwaysAndWhenInUseUsageDescription = "Please allow use location for forecast";
				INFOPLIST_KEY_NSLocationWhenInUseUsageDescription = "Please allow use location for forecast";
				INFOPLIST_KEY_NSPhotoLibraryUsageDescription = "Please allow to use Photos Library";
				INFOPLIST_KEY_UIApplicationSupportsIndirectInputEvents = YES;
				INFOPLIST_KEY_UILaunchStoryboardName = LaunchScreen;
				INFOPLIST_KEY_UIMainStoryboardFile = Main;
				INFOPLIST_KEY_UIStatusBarStyle = "";
				INFOPLIST_KEY_UISupportedInterfaceOrientations = UIInterfaceOrientationPortrait;
				IPHONEOS_DEPLOYMENT_TARGET = 15.1;
				LD_RUNPATH_SEARCH_PATHS = (
					"$(inherited)",
					"@executable_path/Frameworks",
				);
				MARKETING_VERSION = 1.0;
				PRODUCT_BUNDLE_IDENTIFIER = "Nguyen-Huu-Linh.WeatherForeCasts";
				PRODUCT_NAME = "$(TARGET_NAME)";
				SWIFT_EMIT_LOC_STRINGS = YES;
				SWIFT_VERSION = 5.0;
				TARGETED_DEVICE_FAMILY = "1,2";
			};
			name = Release;
		};
		A4397F922B5A86CD004141AC /* Debug */ = {
			isa = XCBuildConfiguration;
			buildSettings = {
				BUNDLE_LOADER = "$(TEST_HOST)";
				CODE_SIGN_STYLE = Automatic;
				CURRENT_PROJECT_VERSION = 1;
				DEVELOPMENT_TEAM = FGS26H53AZ;
				GENERATE_INFOPLIST_FILE = YES;
				HEADER_SEARCH_PATHS = (
					HEADER_SEARCH_PATHS,
					"=",
					"\"${SRCROOT}/Pods/Firebase/CoreOnly/Sources\"",
				);
				MARKETING_VERSION = 1.0;
				PRODUCT_BUNDLE_IDENTIFIER = "Nguyen-Huu-Linh.WeatherForeCastsTests";
				PRODUCT_NAME = "$(TARGET_NAME)";
				SWIFT_EMIT_LOC_STRINGS = NO;
				SWIFT_VERSION = 5.0;
				TARGETED_DEVICE_FAMILY = "1,2";
				TEST_HOST = "$(BUILT_PRODUCTS_DIR)/WeatherForeCasts.app/$(BUNDLE_EXECUTABLE_FOLDER_PATH)/WeatherForeCasts";
			};
			name = Debug;
		};
		A4397F932B5A86CD004141AC /* Release */ = {
			isa = XCBuildConfiguration;
			buildSettings = {
				BUNDLE_LOADER = "$(TEST_HOST)";
				CODE_SIGN_STYLE = Automatic;
				CURRENT_PROJECT_VERSION = 1;
				DEVELOPMENT_TEAM = FGS26H53AZ;
				GENERATE_INFOPLIST_FILE = YES;
				HEADER_SEARCH_PATHS = (
					HEADER_SEARCH_PATHS,
					"=",
					"\"${SRCROOT}/Pods/Firebase/CoreOnly/Sources\"",
				);
				MARKETING_VERSION = 1.0;
				PRODUCT_BUNDLE_IDENTIFIER = "Nguyen-Huu-Linh.WeatherForeCastsTests";
				PRODUCT_NAME = "$(TARGET_NAME)";
				SWIFT_EMIT_LOC_STRINGS = NO;
				SWIFT_VERSION = 5.0;
				TARGETED_DEVICE_FAMILY = "1,2";
				TEST_HOST = "$(BUILT_PRODUCTS_DIR)/WeatherForeCasts.app/$(BUNDLE_EXECUTABLE_FOLDER_PATH)/WeatherForeCasts";
			};
			name = Release;
		};
/* End XCBuildConfiguration section */

/* Begin XCConfigurationList section */
		A41936972ADE6F6B00ED58BE /* Build configuration list for PBXProject "WeatherForeCasts" */ = {
			isa = XCConfigurationList;
			buildConfigurations = (
				A41936AE2ADE6F7000ED58BE /* Debug */,
				A41936AF2ADE6F7000ED58BE /* Release */,
			);
			defaultConfigurationIsVisible = 0;
			defaultConfigurationName = Release;
		};
		A41936B02ADE6F7000ED58BE /* Build configuration list for PBXNativeTarget "WeatherForeCasts" */ = {
			isa = XCConfigurationList;
			buildConfigurations = (
				A41936B12ADE6F7000ED58BE /* Debug */,
				A41936B22ADE6F7000ED58BE /* Release */,
			);
			defaultConfigurationIsVisible = 0;
			defaultConfigurationName = Release;
		};
		A4397F942B5A86CD004141AC /* Build configuration list for PBXNativeTarget "WeatherForeCastsTests" */ = {
			isa = XCConfigurationList;
			buildConfigurations = (
				A4397F922B5A86CD004141AC /* Debug */,
				A4397F932B5A86CD004141AC /* Release */,
			);
			defaultConfigurationIsVisible = 0;
			defaultConfigurationName = Release;
		};
/* End XCConfigurationList section */

/* Begin XCVersionGroup section */
		A4FBDB882B42AEDF00702946 /* CoreData.xcdatamodeld */ = {
			isa = XCVersionGroup;
			children = (
				A4FBDB892B42AEDF00702946 /* CoreData.xcdatamodel */,
			);
			currentVersion = A4FBDB892B42AEDF00702946 /* CoreData.xcdatamodel */;
			path = CoreData.xcdatamodeld;
			sourceTree = "<group>";
			versionGroupType = wrapper.xcdatamodel;
		};
/* End XCVersionGroup section */
	};
	rootObject = A41936942ADE6F6B00ED58BE /* Project object */;
}
